// !$*UTF8*$!
{
	archiveVersion = 1;
	classes = {
	};
	objectVersion = 56;
	objects = {

/* Begin PBXBuildFile section */
		3607189C2A67C57D00D492E8 /* DeleteButton.swift in Sources */ = {isa = PBXBuildFile; fileRef = 3607189B2A67C57D00D492E8 /* DeleteButton.swift */; };
		3607189E2A67C5A000D492E8 /* DatePickerView.swift in Sources */ = {isa = PBXBuildFile; fileRef = 3607189D2A67C5A000D492E8 /* DatePickerView.swift */; };
		360718A02A67C5D600D492E8 /* UpdateView.swift in Sources */ = {isa = PBXBuildFile; fileRef = 3607189F2A67C5D600D492E8 /* UpdateView.swift */; };
		360718A22A67C5E800D492E8 /* CardView.swift in Sources */ = {isa = PBXBuildFile; fileRef = 360718A12A67C5E800D492E8 /* CardView.swift */; };
		360718A42A67C64E00D492E8 /* ModalTestView.swift in Sources */ = {isa = PBXBuildFile; fileRef = 360718A32A67C64E00D492E8 /* ModalTestView.swift */; };
		360718A82A6803C500D492E8 /* UpdateCircleView.swift in Sources */ = {isa = PBXBuildFile; fileRef = 360718A72A6803C500D492E8 /* UpdateCircleView.swift */; };
		5171D9762A5BA8B300A962A4 /* SikSaApp.swift in Sources */ = {isa = PBXBuildFile; fileRef = 5171D9752A5BA8B300A962A4 /* SikSaApp.swift */; };
		5171D9782A5BA8B300A962A4 /* ContentView.swift in Sources */ = {isa = PBXBuildFile; fileRef = 5171D9772A5BA8B300A962A4 /* ContentView.swift */; };
		5171D97A2A5BA8B400A962A4 /* Assets.xcassets in Resources */ = {isa = PBXBuildFile; fileRef = 5171D9792A5BA8B400A962A4 /* Assets.xcassets */; };
		5171D97D2A5BA8B400A962A4 /* Preview Assets.xcassets in Resources */ = {isa = PBXBuildFile; fileRef = 5171D97C2A5BA8B400A962A4 /* Preview Assets.xcassets */; };
		5171D97F2A5BA8B400A962A4 /* Persistence.swift in Sources */ = {isa = PBXBuildFile; fileRef = 5171D97E2A5BA8B400A962A4 /* Persistence.swift */; };
		5171D9822A5BA8B400A962A4 /* SikSa.xcdatamodeld in Sources */ = {isa = PBXBuildFile; fileRef = 5171D9802A5BA8B400A962A4 /* SikSa.xcdatamodeld */; };
		5171D98A2A5BAA9000A962A4 /* .swiftlint.yml in Resources */ = {isa = PBXBuildFile; fileRef = 5171D9892A5BAA9000A962A4 /* .swiftlint.yml */; };
		51F8EF292A6754C1008758ED /* HistoryView.swift in Sources */ = {isa = PBXBuildFile; fileRef = 51F8EF282A6754C1008758ED /* HistoryView.swift */; };
		51F8EF2B2A675538008758ED /* HistoryCardView.swift in Sources */ = {isa = PBXBuildFile; fileRef = 51F8EF2A2A675538008758ED /* HistoryCardView.swift */; };
		51F8EF2D2A6755B7008758ED /* InjectionSitesView.swift in Sources */ = {isa = PBXBuildFile; fileRef = 51F8EF2C2A6755B7008758ED /* InjectionSitesView.swift */; };
		51F8EF302A68076E008758ED /* InjectionModel.swift in Sources */ = {isa = PBXBuildFile; fileRef = 51F8EF2F2A68076E008758ED /* InjectionModel.swift */; };
		A37D69382A6829D8006546FB /* Date+.swift in Sources */ = {isa = PBXBuildFile; fileRef = A37D69372A6829D8006546FB /* Date+.swift */; };
		A381AE132A67B306000AE8E8 /* MC3ViewModel.swift in Sources */ = {isa = PBXBuildFile; fileRef = A381AE0A2A67B306000AE8E8 /* MC3ViewModel.swift */; };
		A381AE142A67B306000AE8E8 /* MC3View.swift in Sources */ = {isa = PBXBuildFile; fileRef = A381AE0B2A67B306000AE8E8 /* MC3View.swift */; };
		A381AE152A67B306000AE8E8 /* BottomTextLineView.swift in Sources */ = {isa = PBXBuildFile; fileRef = A381AE0D2A67B306000AE8E8 /* BottomTextLineView.swift */; };
		A381AE182A67B306000AE8E8 /* TabViewComponentsView.swift in Sources */ = {isa = PBXBuildFile; fileRef = A381AE112A67B306000AE8E8 /* TabViewComponentsView.swift */; };
		A381AE192A67B306000AE8E8 /* ButtonComponentView.swift in Sources */ = {isa = PBXBuildFile; fileRef = A381AE122A67B306000AE8E8 /* ButtonComponentView.swift */; };
		A381AE1E2A67BFCF000AE8E8 /* Color.swift in Sources */ = {isa = PBXBuildFile; fileRef = A381AE1D2A67BFCF000AE8E8 /* Color.swift */; };
		B281BEE92A67CA9F00889A29 /* CircleView.swift in Sources */ = {isa = PBXBuildFile; fileRef = B281BEE82A67CA9F00889A29 /* CircleView.swift */; };
		B281BEEB2A67EDC700889A29 /* TopMainTextView.swift in Sources */ = {isa = PBXBuildFile; fileRef = B281BEEA2A67EDC700889A29 /* TopMainTextView.swift */; };
		B281BEEE2A67F38900889A29 /* NSPredicate+.swift in Sources */ = {isa = PBXBuildFile; fileRef = B281BEED2A67F38900889A29 /* NSPredicate+.swift */; };
		B281BEF02A67F4AD00889A29 /* NSSortDescriptor+.swift in Sources */ = {isa = PBXBuildFile; fileRef = B281BEEF2A67F4AD00889A29 /* NSSortDescriptor+.swift */; };
		B2CBF8032A67B27500E6202A /* Persistence+Injection.swift in Sources */ = {isa = PBXBuildFile; fileRef = B2CBF8022A67B27500E6202A /* Persistence+Injection.swift */; };
		B2CBF8062A67B2A600E6202A /* Injection+CoreDataClass.swift in Sources */ = {isa = PBXBuildFile; fileRef = B2CBF8042A67B2A600E6202A /* Injection+CoreDataClass.swift */; };
		B2CBF8072A67B2A600E6202A /* Injection+CoreDataProperties.swift in Sources */ = {isa = PBXBuildFile; fileRef = B2CBF8052A67B2A600E6202A /* Injection+CoreDataProperties.swift */; };
		B2CBF8092A67B33500E6202A /* CoreDataHelper.swift in Sources */ = {isa = PBXBuildFile; fileRef = B2CBF8082A67B33500E6202A /* CoreDataHelper.swift */; };
		B2CEFBAA2A6975D300E19B72 /* CustomColor.swift in Sources */ = {isa = PBXBuildFile; fileRef = B2CEFBA92A6975D300E19B72 /* CustomColor.swift */; };
		B2CEFBAC2A69764400E19B72 /* Color+.swift in Sources */ = {isa = PBXBuildFile; fileRef = B2CEFBAB2A69764400E19B72 /* Color+.swift */; };
/* End PBXBuildFile section */

/* Begin PBXFileReference section */
		3607189B2A67C57D00D492E8 /* DeleteButton.swift */ = {isa = PBXFileReference; lastKnownFileType = sourcecode.swift; path = DeleteButton.swift; sourceTree = "<group>"; };
		3607189D2A67C5A000D492E8 /* DatePickerView.swift */ = {isa = PBXFileReference; lastKnownFileType = sourcecode.swift; path = DatePickerView.swift; sourceTree = "<group>"; };
		3607189F2A67C5D600D492E8 /* UpdateView.swift */ = {isa = PBXFileReference; lastKnownFileType = sourcecode.swift; path = UpdateView.swift; sourceTree = "<group>"; };
		360718A12A67C5E800D492E8 /* CardView.swift */ = {isa = PBXFileReference; lastKnownFileType = sourcecode.swift; path = CardView.swift; sourceTree = "<group>"; };
		360718A32A67C64E00D492E8 /* ModalTestView.swift */ = {isa = PBXFileReference; lastKnownFileType = sourcecode.swift; path = ModalTestView.swift; sourceTree = "<group>"; };
		360718A72A6803C500D492E8 /* UpdateCircleView.swift */ = {isa = PBXFileReference; lastKnownFileType = sourcecode.swift; path = UpdateCircleView.swift; sourceTree = "<group>"; };
		5171D9722A5BA8B300A962A4 /* SikSa.app */ = {isa = PBXFileReference; explicitFileType = wrapper.application; includeInIndex = 0; path = SikSa.app; sourceTree = BUILT_PRODUCTS_DIR; };
		5171D9752A5BA8B300A962A4 /* SikSaApp.swift */ = {isa = PBXFileReference; lastKnownFileType = sourcecode.swift; path = SikSaApp.swift; sourceTree = "<group>"; };
		5171D9772A5BA8B300A962A4 /* ContentView.swift */ = {isa = PBXFileReference; lastKnownFileType = sourcecode.swift; path = ContentView.swift; sourceTree = "<group>"; };
		5171D9792A5BA8B400A962A4 /* Assets.xcassets */ = {isa = PBXFileReference; lastKnownFileType = folder.assetcatalog; path = Assets.xcassets; sourceTree = "<group>"; };
		5171D97C2A5BA8B400A962A4 /* Preview Assets.xcassets */ = {isa = PBXFileReference; lastKnownFileType = folder.assetcatalog; path = "Preview Assets.xcassets"; sourceTree = "<group>"; };
		5171D97E2A5BA8B400A962A4 /* Persistence.swift */ = {isa = PBXFileReference; lastKnownFileType = sourcecode.swift; path = Persistence.swift; sourceTree = "<group>"; };
		5171D9812A5BA8B400A962A4 /* SikSa.xcdatamodel */ = {isa = PBXFileReference; lastKnownFileType = wrapper.xcdatamodel; path = SikSa.xcdatamodel; sourceTree = "<group>"; };
		5171D9892A5BAA9000A962A4 /* .swiftlint.yml */ = {isa = PBXFileReference; lastKnownFileType = text.yaml; path = .swiftlint.yml; sourceTree = "<group>"; };
		51F8EF282A6754C1008758ED /* HistoryView.swift */ = {isa = PBXFileReference; lastKnownFileType = sourcecode.swift; path = HistoryView.swift; sourceTree = "<group>"; };
		51F8EF2A2A675538008758ED /* HistoryCardView.swift */ = {isa = PBXFileReference; lastKnownFileType = sourcecode.swift; path = HistoryCardView.swift; sourceTree = "<group>"; };
		51F8EF2C2A6755B7008758ED /* InjectionSitesView.swift */ = {isa = PBXFileReference; lastKnownFileType = sourcecode.swift; path = InjectionSitesView.swift; sourceTree = "<group>"; };
		51F8EF2F2A68076E008758ED /* InjectionModel.swift */ = {isa = PBXFileReference; lastKnownFileType = sourcecode.swift; path = InjectionModel.swift; sourceTree = "<group>"; };
		A37D69372A6829D8006546FB /* Date+.swift */ = {isa = PBXFileReference; lastKnownFileType = sourcecode.swift; path = "Date+.swift"; sourceTree = "<group>"; };
		A381AE0A2A67B306000AE8E8 /* MC3ViewModel.swift */ = {isa = PBXFileReference; fileEncoding = 4; lastKnownFileType = sourcecode.swift; path = MC3ViewModel.swift; sourceTree = "<group>"; };
		A381AE0B2A67B306000AE8E8 /* MC3View.swift */ = {isa = PBXFileReference; fileEncoding = 4; lastKnownFileType = sourcecode.swift; path = MC3View.swift; sourceTree = "<group>"; };
		A381AE0D2A67B306000AE8E8 /* BottomTextLineView.swift */ = {isa = PBXFileReference; fileEncoding = 4; lastKnownFileType = sourcecode.swift; path = BottomTextLineView.swift; sourceTree = "<group>"; };
		A381AE112A67B306000AE8E8 /* TabViewComponentsView.swift */ = {isa = PBXFileReference; fileEncoding = 4; lastKnownFileType = sourcecode.swift; path = TabViewComponentsView.swift; sourceTree = "<group>"; };
		A381AE122A67B306000AE8E8 /* ButtonComponentView.swift */ = {isa = PBXFileReference; fileEncoding = 4; lastKnownFileType = sourcecode.swift; path = ButtonComponentView.swift; sourceTree = "<group>"; };
		A381AE1D2A67BFCF000AE8E8 /* Color.swift */ = {isa = PBXFileReference; lastKnownFileType = sourcecode.swift; path = Color.swift; sourceTree = "<group>"; };
		B281BEE82A67CA9F00889A29 /* CircleView.swift */ = {isa = PBXFileReference; lastKnownFileType = sourcecode.swift; path = CircleView.swift; sourceTree = "<group>"; };
		B281BEEA2A67EDC700889A29 /* TopMainTextView.swift */ = {isa = PBXFileReference; lastKnownFileType = sourcecode.swift; path = TopMainTextView.swift; sourceTree = "<group>"; };
		B281BEED2A67F38900889A29 /* NSPredicate+.swift */ = {isa = PBXFileReference; lastKnownFileType = sourcecode.swift; path = "NSPredicate+.swift"; sourceTree = "<group>"; };
		B281BEEF2A67F4AD00889A29 /* NSSortDescriptor+.swift */ = {isa = PBXFileReference; lastKnownFileType = sourcecode.swift; path = "NSSortDescriptor+.swift"; sourceTree = "<group>"; };
		B2CBF8022A67B27500E6202A /* Persistence+Injection.swift */ = {isa = PBXFileReference; lastKnownFileType = sourcecode.swift; path = "Persistence+Injection.swift"; sourceTree = "<group>"; };
		B2CBF8042A67B2A600E6202A /* Injection+CoreDataClass.swift */ = {isa = PBXFileReference; lastKnownFileType = sourcecode.swift; path = "Injection+CoreDataClass.swift"; sourceTree = "<group>"; };
		B2CBF8052A67B2A600E6202A /* Injection+CoreDataProperties.swift */ = {isa = PBXFileReference; lastKnownFileType = sourcecode.swift; path = "Injection+CoreDataProperties.swift"; sourceTree = "<group>"; };
		B2CBF8082A67B33500E6202A /* CoreDataHelper.swift */ = {isa = PBXFileReference; lastKnownFileType = sourcecode.swift; path = CoreDataHelper.swift; sourceTree = "<group>"; };
		B2CEFBA92A6975D300E19B72 /* CustomColor.swift */ = {isa = PBXFileReference; lastKnownFileType = sourcecode.swift; path = CustomColor.swift; sourceTree = "<group>"; };
		B2CEFBAB2A69764400E19B72 /* Color+.swift */ = {isa = PBXFileReference; lastKnownFileType = sourcecode.swift; path = "Color+.swift"; sourceTree = "<group>"; };
/* End PBXFileReference section */

/* Begin PBXFrameworksBuildPhase section */
		5171D96F2A5BA8B300A962A4 /* Frameworks */ = {
			isa = PBXFrameworksBuildPhase;
			buildActionMask = 2147483647;
			files = (
			);
			runOnlyForDeploymentPostprocessing = 0;
		};
/* End PBXFrameworksBuildPhase section */

/* Begin PBXGroup section */
		3607189A2A67C54C00D492E8 /* UpdateViewComponents */ = {
			isa = PBXGroup;
			children = (
				360718A12A67C5E800D492E8 /* CardView.swift */,
				3607189D2A67C5A000D492E8 /* DatePickerView.swift */,
				3607189B2A67C57D00D492E8 /* DeleteButton.swift */,
				360718A72A6803C500D492E8 /* UpdateCircleView.swift */,
			);
			path = UpdateViewComponents;
			sourceTree = "<group>";
		};
		5171D9692A5BA8B300A962A4 = {
			isa = PBXGroup;
			children = (
				5171D9892A5BAA9000A962A4 /* .swiftlint.yml */,
				5171D9742A5BA8B300A962A4 /* SikSa */,
				5171D9732A5BA8B300A962A4 /* Products */,
			);
			sourceTree = "<group>";
		};
		5171D9732A5BA8B300A962A4 /* Products */ = {
			isa = PBXGroup;
			children = (
				5171D9722A5BA8B300A962A4 /* SikSa.app */,
			);
			name = Products;
			sourceTree = "<group>";
		};
		5171D9742A5BA8B300A962A4 /* SikSa */ = {
			isa = PBXGroup;
			children = (
				B2CEFBA82A6975C400E19B72 /* constant */,
				51F8EF2E2A680760008758ED /* temp */,
				51F8EF272A6754A5008758ED /* History */,
				5171D9752A5BA8B300A962A4 /* SikSaApp.swift */,
				B281BEEC2A67F37900889A29 /* Extension */,
				A381AE092A67B306000AE8E8 /* MC3 */,
				5171D9772A5BA8B300A962A4 /* ContentView.swift */,
				5171D9792A5BA8B400A962A4 /* Assets.xcassets */,
				B2CBF8012A67B24C00E6202A /* data */,
				5171D9802A5BA8B400A962A4 /* SikSa.xcdatamodeld */,
				5171D97B2A5BA8B400A962A4 /* Preview Content */,
			);
			path = SikSa;
			sourceTree = "<group>";
		};
		5171D97B2A5BA8B400A962A4 /* Preview Content */ = {
			isa = PBXGroup;
			children = (
				5171D97C2A5BA8B400A962A4 /* Preview Assets.xcassets */,
			);
			path = "Preview Content";
			sourceTree = "<group>";
		};
		51F8EF272A6754A5008758ED /* History */ = {
			isa = PBXGroup;
			children = (
				51F8EF282A6754C1008758ED /* HistoryView.swift */,
				51F8EF2A2A675538008758ED /* HistoryCardView.swift */,
				51F8EF2C2A6755B7008758ED /* InjectionSitesView.swift */,
			);
			path = History;
			sourceTree = "<group>";
		};
		51F8EF2E2A680760008758ED /* temp */ = {
			isa = PBXGroup;
			children = (
				51F8EF2F2A68076E008758ED /* InjectionModel.swift */,
			);
			path = temp;
			sourceTree = "<group>";
		};
		A381AE092A67B306000AE8E8 /* MC3 */ = {
			isa = PBXGroup;
			children = (
				A381AE0A2A67B306000AE8E8 /* MC3ViewModel.swift */,
				A381AE0B2A67B306000AE8E8 /* MC3View.swift */,
				360718A32A67C64E00D492E8 /* ModalTestView.swift */,
				3607189F2A67C5D600D492E8 /* UpdateView.swift */,
				A381AE1A2A67B317000AE8E8 /* Utils */,
				A381AE0C2A67B306000AE8E8 /* Components */,
			);
			path = MC3;
			sourceTree = "<group>";
		};
		A381AE0C2A67B306000AE8E8 /* Components */ = {
			isa = PBXGroup;
			children = (
				3607189A2A67C54C00D492E8 /* UpdateViewComponents */,
				A381AE0D2A67B306000AE8E8 /* BottomTextLineView.swift */,
				A381AE122A67B306000AE8E8 /* ButtonComponentView.swift */,
				B281BEEA2A67EDC700889A29 /* TopMainTextView.swift */,
				A381AE0E2A67B306000AE8E8 /* TabView */,
			);
			path = Components;
			sourceTree = "<group>";
		};
		A381AE0E2A67B306000AE8E8 /* TabView */ = {
			isa = PBXGroup;
			children = (
				A381AE112A67B306000AE8E8 /* TabViewComponentsView.swift */,
				B281BEE82A67CA9F00889A29 /* CircleView.swift */,
			);
			path = TabView;
			sourceTree = "<group>";
		};
		A381AE1A2A67B317000AE8E8 /* Utils */ = {
			isa = PBXGroup;
			children = (
				A381AE1D2A67BFCF000AE8E8 /* Color.swift */,
			);
			path = Utils;
			sourceTree = "<group>";
		};
		B281BEEC2A67F37900889A29 /* Extension */ = {
			isa = PBXGroup;
			children = (
				A37D69372A6829D8006546FB /* Date+.swift */,
				B281BEED2A67F38900889A29 /* NSPredicate+.swift */,
				B281BEEF2A67F4AD00889A29 /* NSSortDescriptor+.swift */,
				B2CEFBAB2A69764400E19B72 /* Color+.swift */,
			);
			path = Extension;
			sourceTree = "<group>";
		};
		B2CBF8012A67B24C00E6202A /* data */ = {
			isa = PBXGroup;
			children = (
				5171D97E2A5BA8B400A962A4 /* Persistence.swift */,
				B2CBF8022A67B27500E6202A /* Persistence+Injection.swift */,
				B2CBF8042A67B2A600E6202A /* Injection+CoreDataClass.swift */,
				B2CBF8052A67B2A600E6202A /* Injection+CoreDataProperties.swift */,
				B2CBF8082A67B33500E6202A /* CoreDataHelper.swift */,
			);
			path = data;
			sourceTree = "<group>";
		};
		B2CEFBA82A6975C400E19B72 /* constant */ = {
			isa = PBXGroup;
			children = (
				B2CEFBA92A6975D300E19B72 /* CustomColor.swift */,
			);
			path = constant;
			sourceTree = "<group>";
		};
/* End PBXGroup section */

/* Begin PBXNativeTarget section */
		5171D9712A5BA8B300A962A4 /* SikSa */ = {
			isa = PBXNativeTarget;
			buildConfigurationList = 5171D9852A5BA8B400A962A4 /* Build configuration list for PBXNativeTarget "SikSa" */;
			buildPhases = (
				5171D9882A5BA9D600A962A4 /* SwiftLint Script */,
				5171D96E2A5BA8B300A962A4 /* Sources */,
				5171D96F2A5BA8B300A962A4 /* Frameworks */,
				5171D9702A5BA8B300A962A4 /* Resources */,
			);
			buildRules = (
			);
			dependencies = (
			);
			name = SikSa;
			productName = SikSa;
			productReference = 5171D9722A5BA8B300A962A4 /* SikSa.app */;
			productType = "com.apple.product-type.application";
		};
/* End PBXNativeTarget section */

/* Begin PBXProject section */
		5171D96A2A5BA8B300A962A4 /* Project object */ = {
			isa = PBXProject;
			attributes = {
				BuildIndependentTargetsInParallel = 1;
				LastSwiftUpdateCheck = 1430;
				LastUpgradeCheck = 1430;
				TargetAttributes = {
					5171D9712A5BA8B300A962A4 = {
						CreatedOnToolsVersion = 14.3.1;
					};
				};
			};
			buildConfigurationList = 5171D96D2A5BA8B300A962A4 /* Build configuration list for PBXProject "SikSa" */;
			compatibilityVersion = "Xcode 14.0";
			developmentRegion = en;
			hasScannedForEncodings = 0;
			knownRegions = (
				en,
				Base,
			);
			mainGroup = 5171D9692A5BA8B300A962A4;
			productRefGroup = 5171D9732A5BA8B300A962A4 /* Products */;
			projectDirPath = "";
			projectRoot = "";
			targets = (
				5171D9712A5BA8B300A962A4 /* SikSa */,
			);
		};
/* End PBXProject section */

/* Begin PBXResourcesBuildPhase section */
		5171D9702A5BA8B300A962A4 /* Resources */ = {
			isa = PBXResourcesBuildPhase;
			buildActionMask = 2147483647;
			files = (
				5171D98A2A5BAA9000A962A4 /* .swiftlint.yml in Resources */,
				5171D97D2A5BA8B400A962A4 /* Preview Assets.xcassets in Resources */,
				5171D97A2A5BA8B400A962A4 /* Assets.xcassets in Resources */,
			);
			runOnlyForDeploymentPostprocessing = 0;
		};
/* End PBXResourcesBuildPhase section */

/* Begin PBXShellScriptBuildPhase section */
		5171D9882A5BA9D600A962A4 /* SwiftLint Script */ = {
			isa = PBXShellScriptBuildPhase;
			alwaysOutOfDate = 1;
			buildActionMask = 2147483647;
			files = (
			);
			inputFileListPaths = (
			);
			inputPaths = (
			);
			name = "SwiftLint Script";
			outputFileListPaths = (
			);
			outputPaths = (
			);
			runOnlyForDeploymentPostprocessing = 0;
			shellPath = /bin/sh;
			shellScript = "# Type a script or drag a script file from your workspace to insert its path.\nexport PATH=\"$PATH:/opt/homebrew/bin\"\n\nif which swiftlint >/dev/null; then\n  swiftlint\nelse\n  echo \"warning: SwiftLint not installed, download from https://github.com/realm/SwiftLint\"\nfi\n";
		};
/* End PBXShellScriptBuildPhase section */

/* Begin PBXSourcesBuildPhase section */
		5171D96E2A5BA8B300A962A4 /* Sources */ = {
			isa = PBXSourcesBuildPhase;
			buildActionMask = 2147483647;
			files = (
				B2CBF8072A67B2A600E6202A /* Injection+CoreDataProperties.swift in Sources */,
				360718A82A6803C500D492E8 /* UpdateCircleView.swift in Sources */,
				5171D97F2A5BA8B400A962A4 /* Persistence.swift in Sources */,
				A381AE182A67B306000AE8E8 /* TabViewComponentsView.swift in Sources */,
				B2CBF8092A67B33500E6202A /* CoreDataHelper.swift in Sources */,
				360718A02A67C5D600D492E8 /* UpdateView.swift in Sources */,
				B2CBF8062A67B2A600E6202A /* Injection+CoreDataClass.swift in Sources */,
				B281BEEE2A67F38900889A29 /* NSPredicate+.swift in Sources */,
				B2CEFBAA2A6975D300E19B72 /* CustomColor.swift in Sources */,
				5171D9822A5BA8B400A962A4 /* SikSa.xcdatamodeld in Sources */,
				3607189E2A67C5A000D492E8 /* DatePickerView.swift in Sources */,
				B281BEE92A67CA9F00889A29 /* CircleView.swift in Sources */,
				A381AE1E2A67BFCF000AE8E8 /* Color.swift in Sources */,
				360718A42A67C64E00D492E8 /* ModalTestView.swift in Sources */,
				B281BEEB2A67EDC700889A29 /* TopMainTextView.swift in Sources */,
				A381AE192A67B306000AE8E8 /* ButtonComponentView.swift in Sources */,
				360718A22A67C5E800D492E8 /* CardView.swift in Sources */,
				B281BEF02A67F4AD00889A29 /* NSSortDescriptor+.swift in Sources */,
				51F8EF292A6754C1008758ED /* HistoryView.swift in Sources */,
				51F8EF302A68076E008758ED /* InjectionModel.swift in Sources */,
				5171D9782A5BA8B300A962A4 /* ContentView.swift in Sources */,
				51F8EF2B2A675538008758ED /* HistoryCardView.swift in Sources */,
				A381AE132A67B306000AE8E8 /* MC3ViewModel.swift in Sources */,
				A381AE142A67B306000AE8E8 /* MC3View.swift in Sources */,
				B2CBF8032A67B27500E6202A /* Persistence+Injection.swift in Sources */,
				A37D69382A6829D8006546FB /* Date+.swift in Sources */,
				B2CEFBAC2A69764400E19B72 /* Color+.swift in Sources */,
				5171D9762A5BA8B300A962A4 /* SikSaApp.swift in Sources */,
				51F8EF2D2A6755B7008758ED /* InjectionSitesView.swift in Sources */,
				A381AE152A67B306000AE8E8 /* BottomTextLineView.swift in Sources */,
				3607189C2A67C57D00D492E8 /* DeleteButton.swift in Sources */,
			);
			runOnlyForDeploymentPostprocessing = 0;
		};
/* End PBXSourcesBuildPhase section */

/* Begin XCBuildConfiguration section */
		5171D9832A5BA8B400A962A4 /* Debug */ = {
			isa = XCBuildConfiguration;
			buildSettings = {
				ALWAYS_SEARCH_USER_PATHS = NO;
				CLANG_ANALYZER_NONNULL = YES;
				CLANG_ANALYZER_NUMBER_OBJECT_CONVERSION = YES_AGGRESSIVE;
				CLANG_CXX_LANGUAGE_STANDARD = "gnu++20";
				CLANG_ENABLE_MODULES = YES;
				CLANG_ENABLE_OBJC_ARC = YES;
				CLANG_ENABLE_OBJC_WEAK = YES;
				CLANG_WARN_BLOCK_CAPTURE_AUTORELEASING = YES;
				CLANG_WARN_BOOL_CONVERSION = YES;
				CLANG_WARN_COMMA = YES;
				CLANG_WARN_CONSTANT_CONVERSION = YES;
				CLANG_WARN_DEPRECATED_OBJC_IMPLEMENTATIONS = YES;
				CLANG_WARN_DIRECT_OBJC_ISA_USAGE = YES_ERROR;
				CLANG_WARN_DOCUMENTATION_COMMENTS = YES;
				CLANG_WARN_EMPTY_BODY = YES;
				CLANG_WARN_ENUM_CONVERSION = YES;
				CLANG_WARN_INFINITE_RECURSION = YES;
				CLANG_WARN_INT_CONVERSION = YES;
				CLANG_WARN_NON_LITERAL_NULL_CONVERSION = YES;
				CLANG_WARN_OBJC_IMPLICIT_RETAIN_SELF = YES;
				CLANG_WARN_OBJC_LITERAL_CONVERSION = YES;
				CLANG_WARN_OBJC_ROOT_CLASS = YES_ERROR;
				CLANG_WARN_QUOTED_INCLUDE_IN_FRAMEWORK_HEADER = YES;
				CLANG_WARN_RANGE_LOOP_ANALYSIS = YES;
				CLANG_WARN_STRICT_PROTOTYPES = YES;
				CLANG_WARN_SUSPICIOUS_MOVE = YES;
				CLANG_WARN_UNGUARDED_AVAILABILITY = YES_AGGRESSIVE;
				CLANG_WARN_UNREACHABLE_CODE = YES;
				CLANG_WARN__DUPLICATE_METHOD_MATCH = YES;
				COPY_PHASE_STRIP = NO;
				DEBUG_INFORMATION_FORMAT = dwarf;
				ENABLE_STRICT_OBJC_MSGSEND = YES;
				ENABLE_TESTABILITY = YES;
				GCC_C_LANGUAGE_STANDARD = gnu11;
				GCC_DYNAMIC_NO_PIC = NO;
				GCC_NO_COMMON_BLOCKS = YES;
				GCC_OPTIMIZATION_LEVEL = 0;
				GCC_PREPROCESSOR_DEFINITIONS = (
					"DEBUG=1",
					"$(inherited)",
				);
				GCC_WARN_64_TO_32_BIT_CONVERSION = YES;
				GCC_WARN_ABOUT_RETURN_TYPE = YES_ERROR;
				GCC_WARN_UNDECLARED_SELECTOR = YES;
				GCC_WARN_UNINITIALIZED_AUTOS = YES_AGGRESSIVE;
				GCC_WARN_UNUSED_FUNCTION = YES;
				GCC_WARN_UNUSED_VARIABLE = YES;
				IPHONEOS_DEPLOYMENT_TARGET = 16.4;
				MTL_ENABLE_DEBUG_INFO = INCLUDE_SOURCE;
				MTL_FAST_MATH = YES;
				ONLY_ACTIVE_ARCH = YES;
				SDKROOT = iphoneos;
				SWIFT_ACTIVE_COMPILATION_CONDITIONS = DEBUG;
				SWIFT_OPTIMIZATION_LEVEL = "-Onone";
			};
			name = Debug;
		};
		5171D9842A5BA8B400A962A4 /* Release */ = {
			isa = XCBuildConfiguration;
			buildSettings = {
				ALWAYS_SEARCH_USER_PATHS = NO;
				CLANG_ANALYZER_NONNULL = YES;
				CLANG_ANALYZER_NUMBER_OBJECT_CONVERSION = YES_AGGRESSIVE;
				CLANG_CXX_LANGUAGE_STANDARD = "gnu++20";
				CLANG_ENABLE_MODULES = YES;
				CLANG_ENABLE_OBJC_ARC = YES;
				CLANG_ENABLE_OBJC_WEAK = YES;
				CLANG_WARN_BLOCK_CAPTURE_AUTORELEASING = YES;
				CLANG_WARN_BOOL_CONVERSION = YES;
				CLANG_WARN_COMMA = YES;
				CLANG_WARN_CONSTANT_CONVERSION = YES;
				CLANG_WARN_DEPRECATED_OBJC_IMPLEMENTATIONS = YES;
				CLANG_WARN_DIRECT_OBJC_ISA_USAGE = YES_ERROR;
				CLANG_WARN_DOCUMENTATION_COMMENTS = YES;
				CLANG_WARN_EMPTY_BODY = YES;
				CLANG_WARN_ENUM_CONVERSION = YES;
				CLANG_WARN_INFINITE_RECURSION = YES;
				CLANG_WARN_INT_CONVERSION = YES;
				CLANG_WARN_NON_LITERAL_NULL_CONVERSION = YES;
				CLANG_WARN_OBJC_IMPLICIT_RETAIN_SELF = YES;
				CLANG_WARN_OBJC_LITERAL_CONVERSION = YES;
				CLANG_WARN_OBJC_ROOT_CLASS = YES_ERROR;
				CLANG_WARN_QUOTED_INCLUDE_IN_FRAMEWORK_HEADER = YES;
				CLANG_WARN_RANGE_LOOP_ANALYSIS = YES;
				CLANG_WARN_STRICT_PROTOTYPES = YES;
				CLANG_WARN_SUSPICIOUS_MOVE = YES;
				CLANG_WARN_UNGUARDED_AVAILABILITY = YES_AGGRESSIVE;
				CLANG_WARN_UNREACHABLE_CODE = YES;
				CLANG_WARN__DUPLICATE_METHOD_MATCH = YES;
				COPY_PHASE_STRIP = NO;
				DEBUG_INFORMATION_FORMAT = "dwarf-with-dsym";
				ENABLE_NS_ASSERTIONS = NO;
				ENABLE_STRICT_OBJC_MSGSEND = YES;
				GCC_C_LANGUAGE_STANDARD = gnu11;
				GCC_NO_COMMON_BLOCKS = YES;
				GCC_WARN_64_TO_32_BIT_CONVERSION = YES;
				GCC_WARN_ABOUT_RETURN_TYPE = YES_ERROR;
				GCC_WARN_UNDECLARED_SELECTOR = YES;
				GCC_WARN_UNINITIALIZED_AUTOS = YES_AGGRESSIVE;
				GCC_WARN_UNUSED_FUNCTION = YES;
				GCC_WARN_UNUSED_VARIABLE = YES;
				IPHONEOS_DEPLOYMENT_TARGET = 16.4;
				MTL_ENABLE_DEBUG_INFO = NO;
				MTL_FAST_MATH = YES;
				SDKROOT = iphoneos;
				SWIFT_COMPILATION_MODE = wholemodule;
				SWIFT_OPTIMIZATION_LEVEL = "-O";
				VALIDATE_PRODUCT = YES;
			};
			name = Release;
		};
		5171D9862A5BA8B400A962A4 /* Debug */ = {
			isa = XCBuildConfiguration;
			buildSettings = {
				ASSETCATALOG_COMPILER_APPICON_NAME = AppIcon;
				ASSETCATALOG_COMPILER_GLOBAL_ACCENT_COLOR_NAME = AccentColor;
				CODE_SIGN_STYLE = Automatic;
				CURRENT_PROJECT_VERSION = 1;
				DEVELOPMENT_ASSET_PATHS = "\"SikSa/Preview Content\"";
				DEVELOPMENT_TEAM = PFTK9YA9R8;
				ENABLE_PREVIEWS = YES;
				GENERATE_INFOPLIST_FILE = YES;
				INFOPLIST_KEY_UIApplicationSceneManifest_Generation = YES;
				INFOPLIST_KEY_UIApplicationSupportsIndirectInputEvents = YES;
				INFOPLIST_KEY_UILaunchScreen_Generation = YES;
				INFOPLIST_KEY_UISupportedInterfaceOrientations_iPad = "UIInterfaceOrientationPortrait UIInterfaceOrientationPortraitUpsideDown UIInterfaceOrientationLandscapeLeft UIInterfaceOrientationLandscapeRight";
				INFOPLIST_KEY_UISupportedInterfaceOrientations_iPhone = "UIInterfaceOrientationPortrait UIInterfaceOrientationLandscapeLeft UIInterfaceOrientationLandscapeRight";
				LD_RUNPATH_SEARCH_PATHS = (
					"$(inherited)",
					"@executable_path/Frameworks",
				);
				MARKETING_VERSION = 1.0;
				PRODUCT_BUNDLE_IDENTIFIER = com.chaekie.SikSa;
				PRODUCT_NAME = "$(TARGET_NAME)";
				SWIFT_EMIT_LOC_STRINGS = YES;
				SWIFT_VERSION = 5.0;
				TARGETED_DEVICE_FAMILY = "1,2";
			};
			name = Debug;
		};
		5171D9872A5BA8B400A962A4 /* Release */ = {
			isa = XCBuildConfiguration;
			buildSettings = {
				ASSETCATALOG_COMPILER_APPICON_NAME = AppIcon;
				ASSETCATALOG_COMPILER_GLOBAL_ACCENT_COLOR_NAME = AccentColor;
				CODE_SIGN_STYLE = Automatic;
				CURRENT_PROJECT_VERSION = 1;
				DEVELOPMENT_ASSET_PATHS = "\"SikSa/Preview Content\"";
				DEVELOPMENT_TEAM = PFTK9YA9R8;
				ENABLE_PREVIEWS = YES;
				GENERATE_INFOPLIST_FILE = YES;
				INFOPLIST_KEY_UIApplicationSceneManifest_Generation = YES;
				INFOPLIST_KEY_UIApplicationSupportsIndirectInputEvents = YES;
				INFOPLIST_KEY_UILaunchScreen_Generation = YES;
				INFOPLIST_KEY_UISupportedInterfaceOrientations_iPad = "UIInterfaceOrientationPortrait UIInterfaceOrientationPortraitUpsideDown UIInterfaceOrientationLandscapeLeft UIInterfaceOrientationLandscapeRight";
				INFOPLIST_KEY_UISupportedInterfaceOrientations_iPhone = "UIInterfaceOrientationPortrait UIInterfaceOrientationLandscapeLeft UIInterfaceOrientationLandscapeRight";
				LD_RUNPATH_SEARCH_PATHS = (
					"$(inherited)",
					"@executable_path/Frameworks",
				);
				MARKETING_VERSION = 1.0;
				PRODUCT_BUNDLE_IDENTIFIER = com.chaekie.SikSa;
				PRODUCT_NAME = "$(TARGET_NAME)";
				SWIFT_EMIT_LOC_STRINGS = YES;
				SWIFT_VERSION = 5.0;
				TARGETED_DEVICE_FAMILY = "1,2";
			};
			name = Release;
		};
/* End XCBuildConfiguration section */

/* Begin XCConfigurationList section */
		5171D96D2A5BA8B300A962A4 /* Build configuration list for PBXProject "SikSa" */ = {
			isa = XCConfigurationList;
			buildConfigurations = (
				5171D9832A5BA8B400A962A4 /* Debug */,
				5171D9842A5BA8B400A962A4 /* Release */,
			);
			defaultConfigurationIsVisible = 0;
			defaultConfigurationName = Release;
		};
		5171D9852A5BA8B400A962A4 /* Build configuration list for PBXNativeTarget "SikSa" */ = {
			isa = XCConfigurationList;
			buildConfigurations = (
				5171D9862A5BA8B400A962A4 /* Debug */,
				5171D9872A5BA8B400A962A4 /* Release */,
			);
			defaultConfigurationIsVisible = 0;
			defaultConfigurationName = Release;
		};
/* End XCConfigurationList section */

/* Begin XCVersionGroup section */
		5171D9802A5BA8B400A962A4 /* SikSa.xcdatamodeld */ = {
			isa = XCVersionGroup;
			children = (
				5171D9812A5BA8B400A962A4 /* SikSa.xcdatamodel */,
			);
			currentVersion = 5171D9812A5BA8B400A962A4 /* SikSa.xcdatamodel */;
			path = SikSa.xcdatamodeld;
			sourceTree = "<group>";
			versionGroupType = wrapper.xcdatamodel;
		};
/* End XCVersionGroup section */
	};
	rootObject = 5171D96A2A5BA8B300A962A4 /* Project object */;
}
