// !$*UTF8*$!
{
	archiveVersion = 1;
	classes = {
	};
	objectVersion = 56;
	objects = {

/* Begin PBXBuildFile section */
		36EE4AF32A749664000CCCB7 /* InjectionSitePickerView.swift in Sources */ = {isa = PBXBuildFile; fileRef = 36EE4AF22A749664000CCCB7 /* InjectionSitePickerView.swift */; };
		36EE4AF52A7496CC000CCCB7 /* DateTimePickerView.swift in Sources */ = {isa = PBXBuildFile; fileRef = 36EE4AF42A7496CC000CCCB7 /* DateTimePickerView.swift */; };
		36EE4AF72A7496F7000CCCB7 /* InsulinTypePickerView.swift in Sources */ = {isa = PBXBuildFile; fileRef = 36EE4AF62A7496F7000CCCB7 /* InsulinTypePickerView.swift */; };
		36EE4AF92A749716000CCCB7 /* InsulinDosesPickerView.swift in Sources */ = {isa = PBXBuildFile; fileRef = 36EE4AF82A749716000CCCB7 /* InsulinDosesPickerView.swift */; };
		36EE4AFB2A749730000CCCB7 /* DeleteButtonView.swift in Sources */ = {isa = PBXBuildFile; fileRef = 36EE4AFA2A749730000CCCB7 /* DeleteButtonView.swift */; };
		5119EE422A763C4700DE60AD /* UserDefaultsKey.swift in Sources */ = {isa = PBXBuildFile; fileRef = 5119EE412A763C4700DE60AD /* UserDefaultsKey.swift */; };
		511F85D92A7630F10061B700 /* ExclusionSiteCircle.swift in Sources */ = {isa = PBXBuildFile; fileRef = 511F85D82A7630F10061B700 /* ExclusionSiteCircle.swift */; };
		51ACD62F2A762D2E005D8F2B /* RecommendationExclusionView.swift in Sources */ = {isa = PBXBuildFile; fileRef = 51ACD62E2A762D2E005D8F2B /* RecommendationExclusionView.swift */; };
		51ACD6312A762D3E005D8F2B /* RecommendationExclusionViewModel.swift in Sources */ = {isa = PBXBuildFile; fileRef = 51ACD6302A762D3E005D8F2B /* RecommendationExclusionViewModel.swift */; };
		A3A05B452A7507E500E68FE5 /* RecommendViewBottomPartTextBox.swift in Sources */ = {isa = PBXBuildFile; fileRef = A3A05B3E2A7507E500E68FE5 /* RecommendViewBottomPartTextBox.swift */; };
		A3A05B462A7507E500E68FE5 /* RecommendViewButtonComponent.swift in Sources */ = {isa = PBXBuildFile; fileRef = A3A05B3F2A7507E500E68FE5 /* RecommendViewButtonComponent.swift */; };
		A3A05B472A7507E500E68FE5 /* RecommendViewTopPartText.swift in Sources */ = {isa = PBXBuildFile; fileRef = A3A05B402A7507E500E68FE5 /* RecommendViewTopPartText.swift */; };
		A3A05B482A7507E500E68FE5 /* RecommendViewDisplayBoxView.swift in Sources */ = {isa = PBXBuildFile; fileRef = A3A05B412A7507E500E68FE5 /* RecommendViewDisplayBoxView.swift */; };
		A3A05B492A7507E500E68FE5 /* RecommendViewSheetView.swift in Sources */ = {isa = PBXBuildFile; fileRef = A3A05B422A7507E500E68FE5 /* RecommendViewSheetView.swift */; };
		A3A05B4A2A7507E500E68FE5 /* RecommendViewTopPartNavigationIcons.swift in Sources */ = {isa = PBXBuildFile; fileRef = A3A05B432A7507E500E68FE5 /* RecommendViewTopPartNavigationIcons.swift */; };
		A3A05B4E2A75087D00E68FE5 /* RecommendViewModel.swift in Sources */ = {isa = PBXBuildFile; fileRef = A3A05B4D2A75087D00E68FE5 /* RecommendViewModel.swift */; };
		B259CEC62A78DF9A00F9E5E3 /* HistoryListTitleView.swift in Sources */ = {isa = PBXBuildFile; fileRef = B259CEC52A78DF9A00F9E5E3 /* HistoryListTitleView.swift */; };
		B259CEC92A78E47A00F9E5E3 /* HistoryDatePickerView.swift in Sources */ = {isa = PBXBuildFile; fileRef = B259CEC82A78E47A00F9E5E3 /* HistoryDatePickerView.swift */; };
		B268F9982A7391FF0083A87A /* GgokKokApp.swift in Sources */ = {isa = PBXBuildFile; fileRef = B268F9972A7391FF0083A87A /* GgokKokApp.swift */; };
		B268F99A2A7391FF0083A87A /* MainView.swift in Sources */ = {isa = PBXBuildFile; fileRef = B268F9992A7391FF0083A87A /* MainView.swift */; };
		B268F99C2A7392000083A87A /* Assets.xcassets in Resources */ = {isa = PBXBuildFile; fileRef = B268F99B2A7392000083A87A /* Assets.xcassets */; };
		B268F99F2A7392000083A87A /* Preview Assets.xcassets in Resources */ = {isa = PBXBuildFile; fileRef = B268F99E2A7392000083A87A /* Preview Assets.xcassets */; };
		B268F9A12A7392000083A87A /* Persistence.swift in Sources */ = {isa = PBXBuildFile; fileRef = B268F9A02A7392000083A87A /* Persistence.swift */; };
		B268F9A42A7392000083A87A /* GgokKok.xcdatamodeld in Sources */ = {isa = PBXBuildFile; fileRef = B268F9A22A7392000083A87A /* GgokKok.xcdatamodeld */; };
		B268F9AE2A7392000083A87A /* GgokKokTests.swift in Sources */ = {isa = PBXBuildFile; fileRef = B268F9AD2A7392000083A87A /* GgokKokTests.swift */; };
		B268F9B82A7392000083A87A /* GgokKokUITests.swift in Sources */ = {isa = PBXBuildFile; fileRef = B268F9B72A7392000083A87A /* GgokKokUITests.swift */; };
		B268F9BA2A7392000083A87A /* GgokKokUITestsLaunchTests.swift in Sources */ = {isa = PBXBuildFile; fileRef = B268F9B92A7392000083A87A /* GgokKokUITestsLaunchTests.swift */; };
		B27CAE442A73986D0010D0FE /* CoredataExampleView.swift in Sources */ = {isa = PBXBuildFile; fileRef = B27CAE432A73986D0010D0FE /* CoredataExampleView.swift */; };
		B27CAE492A7399E60010D0FE /* RecommendView.swift in Sources */ = {isa = PBXBuildFile; fileRef = B27CAE482A7399E60010D0FE /* RecommendView.swift */; };
		B27CAE4C2A739A920010D0FE /* HistoryView.swift in Sources */ = {isa = PBXBuildFile; fileRef = B27CAE4B2A739A920010D0FE /* HistoryView.swift */; };
		B27CAE4F2A739B570010D0FE /* InjectionModel.swift in Sources */ = {isa = PBXBuildFile; fileRef = B27CAE4E2A739B570010D0FE /* InjectionModel.swift */; };
		B27CAE552A739BB00010D0FE /* CreateInjectionView.swift in Sources */ = {isa = PBXBuildFile; fileRef = B27CAE542A739BB00010D0FE /* CreateInjectionView.swift */; };
		B27CAE572A739BC00010D0FE /* EditInjectionView.swift in Sources */ = {isa = PBXBuildFile; fileRef = B27CAE562A739BC00010D0FE /* EditInjectionView.swift */; };
		B27CAE5A2A739BF80010D0FE /* SettingView.swift in Sources */ = {isa = PBXBuildFile; fileRef = B27CAE592A739BF80010D0FE /* SettingView.swift */; };
		B27CAE5C2A739E670010D0FE /* Date+.swift in Sources */ = {isa = PBXBuildFile; fileRef = B27CAE5B2A739E670010D0FE /* Date+.swift */; };
		B27CAE5E2A73B49E0010D0FE /* CustomColor.swift in Sources */ = {isa = PBXBuildFile; fileRef = B27CAE5D2A73B49E0010D0FE /* CustomColor.swift */; };
		B27CAE602A73B5B50010D0FE /* Color+.swift in Sources */ = {isa = PBXBuildFile; fileRef = B27CAE5F2A73B5B50010D0FE /* Color+.swift */; };
		B27CAE632A73B6F80010D0FE /* OnboardingView.swift in Sources */ = {isa = PBXBuildFile; fileRef = B27CAE622A73B6F80010D0FE /* OnboardingView.swift */; };
		B27CAE692A74FA070010D0FE /* .swiftlint.yml in Resources */ = {isa = PBXBuildFile; fileRef = B27CAE682A74FA070010D0FE /* .swiftlint.yml */; };
		B27CAE6C2A7507FE0010D0FE /* Injection+CoreDataClass.swift in Sources */ = {isa = PBXBuildFile; fileRef = B27CAE6A2A7507FE0010D0FE /* Injection+CoreDataClass.swift */; };
		B27CAE6D2A7507FE0010D0FE /* Injection+CoreDataProperties.swift in Sources */ = {isa = PBXBuildFile; fileRef = B27CAE6B2A7507FE0010D0FE /* Injection+CoreDataProperties.swift */; };
		B27CAE6F2A7508AB0010D0FE /* InsulinType.swift in Sources */ = {isa = PBXBuildFile; fileRef = B27CAE6E2A7508AB0010D0FE /* InsulinType.swift */; };
		B27CAE712A7509740010D0FE /* TimeType.swift in Sources */ = {isa = PBXBuildFile; fileRef = B27CAE702A7509740010D0FE /* TimeType.swift */; };
		B2E5D5FF2A7784BB001BE12D /* Persistence+Injection.swift in Sources */ = {isa = PBXBuildFile; fileRef = B2E5D5FE2A7784BB001BE12D /* Persistence+Injection.swift */; };
		B2E5D6012A7785F8001BE12D /* NSManagedObjectContext+.swift in Sources */ = {isa = PBXBuildFile; fileRef = B2E5D6002A7785F8001BE12D /* NSManagedObjectContext+.swift */; };
		B2E5D6032A778762001BE12D /* NSPredicate+.swift in Sources */ = {isa = PBXBuildFile; fileRef = B2E5D6022A778762001BE12D /* NSPredicate+.swift */; };
		B2E5D6052A77879B001BE12D /* NSSortDescriptor+.swift in Sources */ = {isa = PBXBuildFile; fileRef = B2E5D6042A77879B001BE12D /* NSSortDescriptor+.swift */; };
		EB89C69F2A779D1B00F41CA3 /* DateScroll.swift in Sources */ = {isa = PBXBuildFile; fileRef = EB89C69E2A779D1B00F41CA3 /* DateScroll.swift */; };
		EB89C6A12A779D3500F41CA3 /* DayOfMonth.swift in Sources */ = {isa = PBXBuildFile; fileRef = EB89C6A02A779D3500F41CA3 /* DayOfMonth.swift */; };
		EB89C6A32A779D6800F41CA3 /* HistoryViewModel.swift in Sources */ = {isa = PBXBuildFile; fileRef = EB89C6A22A779D6800F41CA3 /* HistoryViewModel.swift */; };
		EB89C6A72A779F9800F41CA3 /* HistoryListView.swift in Sources */ = {isa = PBXBuildFile; fileRef = EB89C6A62A779F9800F41CA3 /* HistoryListView.swift */; };
		EB89C6A92A77CC7C00F41CA3 /* HistoryListRowView.swift in Sources */ = {isa = PBXBuildFile; fileRef = EB89C6A82A77CC7C00F41CA3 /* HistoryListRowView.swift */; };
/* End PBXBuildFile section */

/* Begin PBXContainerItemProxy section */
		B268F9AA2A7392000083A87A /* PBXContainerItemProxy */ = {
			isa = PBXContainerItemProxy;
			containerPortal = B268F98C2A7391FF0083A87A /* Project object */;
			proxyType = 1;
			remoteGlobalIDString = B268F9932A7391FF0083A87A;
			remoteInfo = GgokKok;
		};
		B268F9B42A7392000083A87A /* PBXContainerItemProxy */ = {
			isa = PBXContainerItemProxy;
			containerPortal = B268F98C2A7391FF0083A87A /* Project object */;
			proxyType = 1;
			remoteGlobalIDString = B268F9932A7391FF0083A87A;
			remoteInfo = GgokKok;
		};
/* End PBXContainerItemProxy section */

/* Begin PBXFileReference section */
		36EE4AF22A749664000CCCB7 /* InjectionSitePickerView.swift */ = {isa = PBXFileReference; lastKnownFileType = sourcecode.swift; name = InjectionSitePickerView.swift; path = ../../../../ggokkok/View/CreateEditView/Components/InjectionSitePickerView.swift; sourceTree = "<group>"; };
		36EE4AF42A7496CC000CCCB7 /* DateTimePickerView.swift */ = {isa = PBXFileReference; lastKnownFileType = sourcecode.swift; name = DateTimePickerView.swift; path = ../../../../ggokkok/View/CreateEditView/Components/DateTimePickerView.swift; sourceTree = "<group>"; };
		36EE4AF62A7496F7000CCCB7 /* InsulinTypePickerView.swift */ = {isa = PBXFileReference; lastKnownFileType = sourcecode.swift; name = InsulinTypePickerView.swift; path = ../../../../ggokkok/View/CreateEditView/Components/InsulinTypePickerView.swift; sourceTree = "<group>"; };
		36EE4AF82A749716000CCCB7 /* InsulinDosesPickerView.swift */ = {isa = PBXFileReference; lastKnownFileType = sourcecode.swift; name = InsulinDosesPickerView.swift; path = ../../../../ggokkok/View/CreateEditView/Components/InsulinDosesPickerView.swift; sourceTree = "<group>"; };
		36EE4AFA2A749730000CCCB7 /* DeleteButtonView.swift */ = {isa = PBXFileReference; lastKnownFileType = sourcecode.swift; name = DeleteButtonView.swift; path = ../../../../ggokkok/View/CreateEditView/Components/DeleteButtonView.swift; sourceTree = "<group>"; };
		5119EE412A763C4700DE60AD /* UserDefaultsKey.swift */ = {isa = PBXFileReference; lastKnownFileType = sourcecode.swift; name = UserDefaultsKey.swift; path = ggokkok/Common/UserDefaultsKey.swift; sourceTree = SOURCE_ROOT; };
		511F85D82A7630F10061B700 /* ExclusionSiteCircle.swift */ = {isa = PBXFileReference; lastKnownFileType = sourcecode.swift; name = ExclusionSiteCircle.swift; path = GgokKok/View/SettingView/RecommendationExclusion/ExclusionSiteCircle.swift; sourceTree = SOURCE_ROOT; };
		51ACD62E2A762D2E005D8F2B /* RecommendationExclusionView.swift */ = {isa = PBXFileReference; fileEncoding = 4; lastKnownFileType = sourcecode.swift; path = RecommendationExclusionView.swift; sourceTree = "<group>"; };
		51ACD6302A762D3E005D8F2B /* RecommendationExclusionViewModel.swift */ = {isa = PBXFileReference; fileEncoding = 4; lastKnownFileType = sourcecode.swift; path = RecommendationExclusionViewModel.swift; sourceTree = "<group>"; };
		A3A05B3E2A7507E500E68FE5 /* RecommendViewBottomPartTextBox.swift */ = {isa = PBXFileReference; fileEncoding = 4; lastKnownFileType = sourcecode.swift; path = RecommendViewBottomPartTextBox.swift; sourceTree = "<group>"; };
		A3A05B3F2A7507E500E68FE5 /* RecommendViewButtonComponent.swift */ = {isa = PBXFileReference; fileEncoding = 4; lastKnownFileType = sourcecode.swift; path = RecommendViewButtonComponent.swift; sourceTree = "<group>"; };
		A3A05B402A7507E500E68FE5 /* RecommendViewTopPartText.swift */ = {isa = PBXFileReference; fileEncoding = 4; lastKnownFileType = sourcecode.swift; path = RecommendViewTopPartText.swift; sourceTree = "<group>"; };
		A3A05B412A7507E500E68FE5 /* RecommendViewDisplayBoxView.swift */ = {isa = PBXFileReference; fileEncoding = 4; lastKnownFileType = sourcecode.swift; path = RecommendViewDisplayBoxView.swift; sourceTree = "<group>"; };
		A3A05B422A7507E500E68FE5 /* RecommendViewSheetView.swift */ = {isa = PBXFileReference; fileEncoding = 4; lastKnownFileType = sourcecode.swift; path = RecommendViewSheetView.swift; sourceTree = "<group>"; };
		A3A05B432A7507E500E68FE5 /* RecommendViewTopPartNavigationIcons.swift */ = {isa = PBXFileReference; fileEncoding = 4; lastKnownFileType = sourcecode.swift; path = RecommendViewTopPartNavigationIcons.swift; sourceTree = "<group>"; };
		A3A05B4D2A75087D00E68FE5 /* RecommendViewModel.swift */ = {isa = PBXFileReference; lastKnownFileType = sourcecode.swift; name = RecommendViewModel.swift; path = ggokkok/ViewModel/RecommendModel/RecommendViewModel.swift; sourceTree = SOURCE_ROOT; };
		B259CEC52A78DF9A00F9E5E3 /* HistoryListTitleView.swift */ = {isa = PBXFileReference; lastKnownFileType = sourcecode.swift; path = HistoryListTitleView.swift; sourceTree = "<group>"; };
		B259CEC82A78E47A00F9E5E3 /* HistoryDatePickerView.swift */ = {isa = PBXFileReference; lastKnownFileType = sourcecode.swift; path = HistoryDatePickerView.swift; sourceTree = "<group>"; };
		B268F9942A7391FF0083A87A /* GgokKok.app */ = {isa = PBXFileReference; explicitFileType = wrapper.application; includeInIndex = 0; path = GgokKok.app; sourceTree = BUILT_PRODUCTS_DIR; };
		B268F9972A7391FF0083A87A /* GgokKokApp.swift */ = {isa = PBXFileReference; lastKnownFileType = sourcecode.swift; path = GgokKokApp.swift; sourceTree = "<group>"; };
		B268F9992A7391FF0083A87A /* MainView.swift */ = {isa = PBXFileReference; lastKnownFileType = sourcecode.swift; path = MainView.swift; sourceTree = "<group>"; };
		B268F99B2A7392000083A87A /* Assets.xcassets */ = {isa = PBXFileReference; lastKnownFileType = folder.assetcatalog; path = Assets.xcassets; sourceTree = "<group>"; };
		B268F99E2A7392000083A87A /* Preview Assets.xcassets */ = {isa = PBXFileReference; lastKnownFileType = folder.assetcatalog; path = "Preview Assets.xcassets"; sourceTree = "<group>"; };
		B268F9A02A7392000083A87A /* Persistence.swift */ = {isa = PBXFileReference; lastKnownFileType = sourcecode.swift; path = Persistence.swift; sourceTree = "<group>"; };
		B268F9A32A7392000083A87A /* GgokKok.xcdatamodel */ = {isa = PBXFileReference; lastKnownFileType = wrapper.xcdatamodel; path = GgokKok.xcdatamodel; sourceTree = "<group>"; };
		B268F9A92A7392000083A87A /* GgokKokTests.xctest */ = {isa = PBXFileReference; explicitFileType = wrapper.cfbundle; includeInIndex = 0; path = GgokKokTests.xctest; sourceTree = BUILT_PRODUCTS_DIR; };
		B268F9AD2A7392000083A87A /* GgokKokTests.swift */ = {isa = PBXFileReference; lastKnownFileType = sourcecode.swift; path = GgokKokTests.swift; sourceTree = "<group>"; };
		B268F9B32A7392000083A87A /* GgokKokUITests.xctest */ = {isa = PBXFileReference; explicitFileType = wrapper.cfbundle; includeInIndex = 0; path = GgokKokUITests.xctest; sourceTree = BUILT_PRODUCTS_DIR; };
		B268F9B72A7392000083A87A /* GgokKokUITests.swift */ = {isa = PBXFileReference; lastKnownFileType = sourcecode.swift; path = GgokKokUITests.swift; sourceTree = "<group>"; };
		B268F9B92A7392000083A87A /* GgokKokUITestsLaunchTests.swift */ = {isa = PBXFileReference; lastKnownFileType = sourcecode.swift; path = GgokKokUITestsLaunchTests.swift; sourceTree = "<group>"; };
		B27CAE432A73986D0010D0FE /* CoredataExampleView.swift */ = {isa = PBXFileReference; lastKnownFileType = sourcecode.swift; path = CoredataExampleView.swift; sourceTree = "<group>"; };
		B27CAE482A7399E60010D0FE /* RecommendView.swift */ = {isa = PBXFileReference; lastKnownFileType = sourcecode.swift; path = RecommendView.swift; sourceTree = "<group>"; };
		B27CAE4B2A739A920010D0FE /* HistoryView.swift */ = {isa = PBXFileReference; lastKnownFileType = sourcecode.swift; path = HistoryView.swift; sourceTree = "<group>"; };
		B27CAE4E2A739B570010D0FE /* InjectionModel.swift */ = {isa = PBXFileReference; lastKnownFileType = sourcecode.swift; path = InjectionModel.swift; sourceTree = "<group>"; };
		B27CAE542A739BB00010D0FE /* CreateInjectionView.swift */ = {isa = PBXFileReference; lastKnownFileType = sourcecode.swift; path = CreateInjectionView.swift; sourceTree = "<group>"; };
		B27CAE562A739BC00010D0FE /* EditInjectionView.swift */ = {isa = PBXFileReference; lastKnownFileType = sourcecode.swift; path = EditInjectionView.swift; sourceTree = "<group>"; };
		B27CAE592A739BF80010D0FE /* SettingView.swift */ = {isa = PBXFileReference; lastKnownFileType = sourcecode.swift; path = SettingView.swift; sourceTree = "<group>"; };
		B27CAE5B2A739E670010D0FE /* Date+.swift */ = {isa = PBXFileReference; lastKnownFileType = sourcecode.swift; path = "Date+.swift"; sourceTree = "<group>"; };
		B27CAE5D2A73B49E0010D0FE /* CustomColor.swift */ = {isa = PBXFileReference; lastKnownFileType = sourcecode.swift; path = CustomColor.swift; sourceTree = "<group>"; };
		B27CAE5F2A73B5B50010D0FE /* Color+.swift */ = {isa = PBXFileReference; lastKnownFileType = sourcecode.swift; path = "Color+.swift"; sourceTree = "<group>"; };
		B27CAE622A73B6F80010D0FE /* OnboardingView.swift */ = {isa = PBXFileReference; lastKnownFileType = sourcecode.swift; path = OnboardingView.swift; sourceTree = "<group>"; };
		B27CAE682A74FA070010D0FE /* .swiftlint.yml */ = {isa = PBXFileReference; lastKnownFileType = text.yaml; path = .swiftlint.yml; sourceTree = "<group>"; };
		B27CAE6A2A7507FE0010D0FE /* Injection+CoreDataClass.swift */ = {isa = PBXFileReference; lastKnownFileType = sourcecode.swift; path = "Injection+CoreDataClass.swift"; sourceTree = "<group>"; };
		B27CAE6B2A7507FE0010D0FE /* Injection+CoreDataProperties.swift */ = {isa = PBXFileReference; lastKnownFileType = sourcecode.swift; path = "Injection+CoreDataProperties.swift"; sourceTree = "<group>"; };
		B27CAE6E2A7508AB0010D0FE /* InsulinType.swift */ = {isa = PBXFileReference; lastKnownFileType = sourcecode.swift; path = InsulinType.swift; sourceTree = "<group>"; };
		B27CAE702A7509740010D0FE /* TimeType.swift */ = {isa = PBXFileReference; lastKnownFileType = sourcecode.swift; path = TimeType.swift; sourceTree = "<group>"; };
		B2E5D5FE2A7784BB001BE12D /* Persistence+Injection.swift */ = {isa = PBXFileReference; lastKnownFileType = sourcecode.swift; path = "Persistence+Injection.swift"; sourceTree = "<group>"; };
		B2E5D6002A7785F8001BE12D /* NSManagedObjectContext+.swift */ = {isa = PBXFileReference; lastKnownFileType = sourcecode.swift; path = "NSManagedObjectContext+.swift"; sourceTree = "<group>"; };
		B2E5D6022A778762001BE12D /* NSPredicate+.swift */ = {isa = PBXFileReference; lastKnownFileType = sourcecode.swift; path = "NSPredicate+.swift"; sourceTree = "<group>"; };
		B2E5D6042A77879B001BE12D /* NSSortDescriptor+.swift */ = {isa = PBXFileReference; lastKnownFileType = sourcecode.swift; path = "NSSortDescriptor+.swift"; sourceTree = "<group>"; };
		EB89C69E2A779D1B00F41CA3 /* DateScroll.swift */ = {isa = PBXFileReference; lastKnownFileType = sourcecode.swift; name = DateScroll.swift; path = ggokkok/View/HistoryView/DateScroll.swift; sourceTree = SOURCE_ROOT; };
		EB89C6A02A779D3500F41CA3 /* DayOfMonth.swift */ = {isa = PBXFileReference; lastKnownFileType = sourcecode.swift; name = DayOfMonth.swift; path = ggokkok/View/HistoryView/DayOfMonth.swift; sourceTree = SOURCE_ROOT; };
		EB89C6A22A779D6800F41CA3 /* HistoryViewModel.swift */ = {isa = PBXFileReference; lastKnownFileType = sourcecode.swift; path = HistoryViewModel.swift; sourceTree = "<group>"; };
		EB89C6A62A779F9800F41CA3 /* HistoryListView.swift */ = {isa = PBXFileReference; lastKnownFileType = sourcecode.swift; name = HistoryListView.swift; path = GgokKok/View/HistoryView/HistoryListView.swift; sourceTree = SOURCE_ROOT; };
		EB89C6A82A77CC7C00F41CA3 /* HistoryListRowView.swift */ = {isa = PBXFileReference; lastKnownFileType = sourcecode.swift; name = HistoryListRowView.swift; path = ggokkok/View/HistoryView/HistoryListRowView.swift; sourceTree = SOURCE_ROOT; };
/* End PBXFileReference section */

/* Begin PBXFrameworksBuildPhase section */
		B268F9912A7391FF0083A87A /* Frameworks */ = {
			isa = PBXFrameworksBuildPhase;
			buildActionMask = 2147483647;
			files = (
			);
			runOnlyForDeploymentPostprocessing = 0;
		};
		B268F9A62A7392000083A87A /* Frameworks */ = {
			isa = PBXFrameworksBuildPhase;
			buildActionMask = 2147483647;
			files = (
			);
			runOnlyForDeploymentPostprocessing = 0;
		};
		B268F9B02A7392000083A87A /* Frameworks */ = {
			isa = PBXFrameworksBuildPhase;
			buildActionMask = 2147483647;
			files = (
			);
			runOnlyForDeploymentPostprocessing = 0;
		};
/* End PBXFrameworksBuildPhase section */

/* Begin PBXGroup section */
		36EE4AF12A749653000CCCB7 /* Components */ = {
			isa = PBXGroup;
			children = (
				36EE4AF22A749664000CCCB7 /* InjectionSitePickerView.swift */,
				36EE4AF42A7496CC000CCCB7 /* DateTimePickerView.swift */,
				36EE4AF62A7496F7000CCCB7 /* InsulinTypePickerView.swift */,
				36EE4AF82A749716000CCCB7 /* InsulinDosesPickerView.swift */,
				36EE4AFA2A749730000CCCB7 /* DeleteButtonView.swift */,
			);
			path = Components;
			sourceTree = "<group>";
		};
		511F85DA2A7632350061B700 /* RecommendationExclusion */ = {
			isa = PBXGroup;
			children = (
				51ACD62E2A762D2E005D8F2B /* RecommendationExclusionView.swift */,
				511F85D82A7630F10061B700 /* ExclusionSiteCircle.swift */,
			);
			path = RecommendationExclusion;
			sourceTree = "<group>";
		};
		A3A05B3D2A7507E500E68FE5 /* RecommendViewComponents */ = {
			isa = PBXGroup;
			children = (
				A3A05B3E2A7507E500E68FE5 /* RecommendViewBottomPartTextBox.swift */,
				A3A05B3F2A7507E500E68FE5 /* RecommendViewButtonComponent.swift */,
				A3A05B402A7507E500E68FE5 /* RecommendViewTopPartText.swift */,
				A3A05B412A7507E500E68FE5 /* RecommendViewDisplayBoxView.swift */,
				A3A05B422A7507E500E68FE5 /* RecommendViewSheetView.swift */,
				A3A05B432A7507E500E68FE5 /* RecommendViewTopPartNavigationIcons.swift */,
			);
			name = RecommendViewComponents;
			path = ggokkok/View/RecommendView/RecommendViewComponents;
			sourceTree = SOURCE_ROOT;
		};
		A3A05B4C2A75085C00E68FE5 /* RecommendModel */ = {
			isa = PBXGroup;
			children = (
				A3A05B4D2A75087D00E68FE5 /* RecommendViewModel.swift */,
			);
			path = RecommendModel;
			sourceTree = "<group>";
		};
		B268F98B2A7391FF0083A87A = {
			isa = PBXGroup;
			children = (
				B27CAE682A74FA070010D0FE /* .swiftlint.yml */,
				B268F9962A7391FF0083A87A /* GgokKok */,
				B268F9AC2A7392000083A87A /* GgokKokTests */,
				B268F9B62A7392000083A87A /* GgokKokUITests */,
				B268F9952A7391FF0083A87A /* Products */,
			);
			sourceTree = "<group>";
		};
		B268F9952A7391FF0083A87A /* Products */ = {
			isa = PBXGroup;
			children = (
				B268F9942A7391FF0083A87A /* GgokKok.app */,
				B268F9A92A7392000083A87A /* GgokKokTests.xctest */,
				B268F9B32A7392000083A87A /* GgokKokUITests.xctest */,
			);
			name = Products;
			sourceTree = "<group>";
		};
		B268F9962A7391FF0083A87A /* GgokKok */ = {
			isa = PBXGroup;
			children = (
				B268F9972A7391FF0083A87A /* GgokKokApp.swift */,
				B268F9CB2A7392890083A87A /* Common */,
				B268F9C92A73922E0083A87A /* Extension */,
				B268F9C82A73921F0083A87A /* ViewModel */,
				B268F9C72A73921A0083A87A /* View */,
				B268F9C62A7392140083A87A /* Model */,
				B268F99B2A7392000083A87A /* Assets.xcassets */,
				B268F99D2A7392000083A87A /* Preview Content */,
			);
			path = GgokKok;
			sourceTree = "<group>";
		};
		B268F99D2A7392000083A87A /* Preview Content */ = {
			isa = PBXGroup;
			children = (
				B268F99E2A7392000083A87A /* Preview Assets.xcassets */,
			);
			path = "Preview Content";
			sourceTree = "<group>";
		};
		B268F9AC2A7392000083A87A /* GgokKokTests */ = {
			isa = PBXGroup;
			children = (
				B268F9AD2A7392000083A87A /* GgokKokTests.swift */,
			);
			path = GgokKokTests;
			sourceTree = "<group>";
		};
		B268F9B62A7392000083A87A /* GgokKokUITests */ = {
			isa = PBXGroup;
			children = (
				B268F9B72A7392000083A87A /* GgokKokUITests.swift */,
				B268F9B92A7392000083A87A /* GgokKokUITestsLaunchTests.swift */,
			);
			path = GgokKokUITests;
			sourceTree = "<group>";
		};
		B268F9C62A7392140083A87A /* Model */ = {
			isa = PBXGroup;
			children = (
				B27CAE4D2A739B4C0010D0FE /* Temp */,
				B268F9CC2A7392BC0083A87A /* Data */,
				B27CAE702A7509740010D0FE /* TimeType.swift */,
			);
			path = Model;
			sourceTree = "<group>";
		};
		B268F9C72A73921A0083A87A /* View */ = {
			isa = PBXGroup;
			children = (
				B268F9992A7391FF0083A87A /* MainView.swift */,
				B27CAE612A73B6120010D0FE /* OnboardingView */,
				B27CAE452A7399C30010D0FE /* RecommendView */,
				B27CAE4A2A739A800010D0FE /* HistoryView */,
				B27CAE502A739B8D0010D0FE /* CreateEditView */,
				B27CAE582A739BEF0010D0FE /* SettingView */,
				B27CAE422A7398240010D0FE /* CoredataExampleView */,
			);
			path = View;
			sourceTree = "<group>";
		};
		B268F9C82A73921F0083A87A /* ViewModel */ = {
			isa = PBXGroup;
			children = (
				A3A05B4C2A75085C00E68FE5 /* RecommendModel */,
				51ACD6302A762D3E005D8F2B /* RecommendationExclusionViewModel.swift */,
				EB89C6A22A779D6800F41CA3 /* HistoryViewModel.swift */,
			);
			name = ViewModel;
			path = ../ggokkok/ViewModel;
			sourceTree = "<group>";
		};
		B268F9C92A73922E0083A87A /* Extension */ = {
			isa = PBXGroup;
			children = (
				B27CAE5B2A739E670010D0FE /* Date+.swift */,
				B27CAE5F2A73B5B50010D0FE /* Color+.swift */,
				B2E5D6002A7785F8001BE12D /* NSManagedObjectContext+.swift */,
				B2E5D6022A778762001BE12D /* NSPredicate+.swift */,
				B2E5D6042A77879B001BE12D /* NSSortDescriptor+.swift */,
			);
			path = Extension;
			sourceTree = "<group>";
		};
		B268F9CB2A7392890083A87A /* Common */ = {
			isa = PBXGroup;
			children = (
				B27CAE5D2A73B49E0010D0FE /* CustomColor.swift */,
				5119EE412A763C4700DE60AD /* UserDefaultsKey.swift */,
			);
			path = Common;
			sourceTree = "<group>";
		};
		B268F9CC2A7392BC0083A87A /* Data */ = {
			isa = PBXGroup;
			children = (
				B268F9A22A7392000083A87A /* GgokKok.xcdatamodeld */,
				B268F9A02A7392000083A87A /* Persistence.swift */,
				B2E5D5FE2A7784BB001BE12D /* Persistence+Injection.swift */,
				B27CAE6A2A7507FE0010D0FE /* Injection+CoreDataClass.swift */,
				B27CAE6B2A7507FE0010D0FE /* Injection+CoreDataProperties.swift */,
				B27CAE6E2A7508AB0010D0FE /* InsulinType.swift */,
			);
			path = Data;
			sourceTree = "<group>";
		};
		B27CAE422A7398240010D0FE /* CoredataExampleView */ = {
			isa = PBXGroup;
			children = (
				B27CAE432A73986D0010D0FE /* CoredataExampleView.swift */,
			);
			path = CoredataExampleView;
			sourceTree = "<group>";
		};
		B27CAE452A7399C30010D0FE /* RecommendView */ = {
			isa = PBXGroup;
			children = (
				A3A05B3D2A7507E500E68FE5 /* RecommendViewComponents */,
				B27CAE482A7399E60010D0FE /* RecommendView.swift */,
			);
			path = RecommendView;
			sourceTree = "<group>";
		};
		B27CAE4A2A739A800010D0FE /* HistoryView */ = {
			isa = PBXGroup;
			children = (
				B27CAE4B2A739A920010D0FE /* HistoryView.swift */,
				EB89C6A62A779F9800F41CA3 /* HistoryListView.swift */,
				EB89C6A82A77CC7C00F41CA3 /* HistoryListRowView.swift */,
				EB89C69E2A779D1B00F41CA3 /* DateScroll.swift */,
				EB89C6A02A779D3500F41CA3 /* DayOfMonth.swift */,
				B259CEC52A78DF9A00F9E5E3 /* HistoryListTitleView.swift */,
				B259CEC82A78E47A00F9E5E3 /* HistoryDatePickerView.swift */,
			);
			path = HistoryView;
			sourceTree = "<group>";
		};
		B27CAE4D2A739B4C0010D0FE /* Temp */ = {
			isa = PBXGroup;
			children = (
				B27CAE4E2A739B570010D0FE /* InjectionModel.swift */,
			);
			path = Temp;
			sourceTree = "<group>";
		};
		B27CAE502A739B8D0010D0FE /* CreateEditView */ = {
			isa = PBXGroup;
			children = (
				36EE4AF12A749653000CCCB7 /* Components */,
				B27CAE542A739BB00010D0FE /* CreateInjectionView.swift */,
				B27CAE562A739BC00010D0FE /* EditInjectionView.swift */,
			);
			path = CreateEditView;
			sourceTree = "<group>";
		};
		B27CAE582A739BEF0010D0FE /* SettingView */ = {
			isa = PBXGroup;
			children = (
				511F85DA2A7632350061B700 /* RecommendationExclusion */,
				B27CAE592A739BF80010D0FE /* SettingView.swift */,
			);
			path = SettingView;
			sourceTree = "<group>";
		};
		B27CAE612A73B6120010D0FE /* OnboardingView */ = {
			isa = PBXGroup;
			children = (
				B27CAE622A73B6F80010D0FE /* OnboardingView.swift */,
			);
			path = OnboardingView;
			sourceTree = "<group>";
		};
/* End PBXGroup section */

/* Begin PBXNativeTarget section */
		B268F9932A7391FF0083A87A /* GgokKok */ = {
			isa = PBXNativeTarget;
			buildConfigurationList = B268F9BD2A7392000083A87A /* Build configuration list for PBXNativeTarget "GgokKok" */;
			buildPhases = (
				B27CAE672A74F95C0010D0FE /* SwiftLint Script */,
				B268F9902A7391FF0083A87A /* Sources */,
				B268F9912A7391FF0083A87A /* Frameworks */,
				B268F9922A7391FF0083A87A /* Resources */,
			);
			buildRules = (
			);
			dependencies = (
			);
			name = GgokKok;
			productName = GgokKok;
			productReference = B268F9942A7391FF0083A87A /* GgokKok.app */;
			productType = "com.apple.product-type.application";
		};
		B268F9A82A7392000083A87A /* GgokKokTests */ = {
			isa = PBXNativeTarget;
			buildConfigurationList = B268F9C02A7392000083A87A /* Build configuration list for PBXNativeTarget "GgokKokTests" */;
			buildPhases = (
				B268F9A52A7392000083A87A /* Sources */,
				B268F9A62A7392000083A87A /* Frameworks */,
				B268F9A72A7392000083A87A /* Resources */,
			);
			buildRules = (
			);
			dependencies = (
				B268F9AB2A7392000083A87A /* PBXTargetDependency */,
			);
			name = GgokKokTests;
			productName = GgokKokTests;
			productReference = B268F9A92A7392000083A87A /* GgokKokTests.xctest */;
			productType = "com.apple.product-type.bundle.unit-test";
		};
		B268F9B22A7392000083A87A /* GgokKokUITests */ = {
			isa = PBXNativeTarget;
			buildConfigurationList = B268F9C32A7392000083A87A /* Build configuration list for PBXNativeTarget "GgokKokUITests" */;
			buildPhases = (
				B268F9AF2A7392000083A87A /* Sources */,
				B268F9B02A7392000083A87A /* Frameworks */,
				B268F9B12A7392000083A87A /* Resources */,
			);
			buildRules = (
			);
			dependencies = (
				B268F9B52A7392000083A87A /* PBXTargetDependency */,
			);
			name = GgokKokUITests;
			productName = GgokKokUITests;
			productReference = B268F9B32A7392000083A87A /* GgokKokUITests.xctest */;
			productType = "com.apple.product-type.bundle.ui-testing";
		};
/* End PBXNativeTarget section */

/* Begin PBXProject section */
		B268F98C2A7391FF0083A87A /* Project object */ = {
			isa = PBXProject;
			attributes = {
				BuildIndependentTargetsInParallel = 1;
				LastSwiftUpdateCheck = 1430;
				LastUpgradeCheck = 1430;
				TargetAttributes = {
					B268F9932A7391FF0083A87A = {
						CreatedOnToolsVersion = 14.3;
					};
					B268F9A82A7392000083A87A = {
						CreatedOnToolsVersion = 14.3;
						TestTargetID = B268F9932A7391FF0083A87A;
					};
					B268F9B22A7392000083A87A = {
						CreatedOnToolsVersion = 14.3;
						TestTargetID = B268F9932A7391FF0083A87A;
					};
				};
			};
			buildConfigurationList = B268F98F2A7391FF0083A87A /* Build configuration list for PBXProject "GgokKok" */;
			compatibilityVersion = "Xcode 14.0";
			developmentRegion = en;
			hasScannedForEncodings = 0;
			knownRegions = (
				en,
				Base,
			);
			mainGroup = B268F98B2A7391FF0083A87A;
			productRefGroup = B268F9952A7391FF0083A87A /* Products */;
			projectDirPath = "";
			projectRoot = "";
			targets = (
				B268F9932A7391FF0083A87A /* GgokKok */,
				B268F9A82A7392000083A87A /* GgokKokTests */,
				B268F9B22A7392000083A87A /* GgokKokUITests */,
			);
		};
/* End PBXProject section */

/* Begin PBXResourcesBuildPhase section */
		B268F9922A7391FF0083A87A /* Resources */ = {
			isa = PBXResourcesBuildPhase;
			buildActionMask = 2147483647;
			files = (
				B27CAE692A74FA070010D0FE /* .swiftlint.yml in Resources */,
				B268F99F2A7392000083A87A /* Preview Assets.xcassets in Resources */,
				B268F99C2A7392000083A87A /* Assets.xcassets in Resources */,
			);
			runOnlyForDeploymentPostprocessing = 0;
		};
		B268F9A72A7392000083A87A /* Resources */ = {
			isa = PBXResourcesBuildPhase;
			buildActionMask = 2147483647;
			files = (
			);
			runOnlyForDeploymentPostprocessing = 0;
		};
		B268F9B12A7392000083A87A /* Resources */ = {
			isa = PBXResourcesBuildPhase;
			buildActionMask = 2147483647;
			files = (
			);
			runOnlyForDeploymentPostprocessing = 0;
		};
/* End PBXResourcesBuildPhase section */

/* Begin PBXShellScriptBuildPhase section */
		B27CAE672A74F95C0010D0FE /* SwiftLint Script */ = {
			isa = PBXShellScriptBuildPhase;
			alwaysOutOfDate = 1;
			buildActionMask = 2147483647;
			files = (
			);
			inputFileListPaths = (
			);
			inputPaths = (
			);
			name = "SwiftLint Script";
			outputFileListPaths = (
			);
			outputPaths = (
			);
			runOnlyForDeploymentPostprocessing = 0;
			shellPath = /bin/sh;
			shellScript = "export PATH=\"$PATH:/opt/homebrew/bin\"\nif which swiftlint > /dev/null; then\n  swiftlint\nelse\n  echo \"warning: SwiftLint not installed, download from https://github.com/realm/SwiftLint\"\nfi\n";
		};
/* End PBXShellScriptBuildPhase section */

/* Begin PBXSourcesBuildPhase section */
		B268F9902A7391FF0083A87A /* Sources */ = {
			isa = PBXSourcesBuildPhase;
			buildActionMask = 2147483647;
			files = (
				B27CAE4C2A739A920010D0FE /* HistoryView.swift in Sources */,
				B27CAE442A73986D0010D0FE /* CoredataExampleView.swift in Sources */,
				A3A05B492A7507E500E68FE5 /* RecommendViewSheetView.swift in Sources */,
				51ACD62F2A762D2E005D8F2B /* RecommendationExclusionView.swift in Sources */,
				B27CAE492A7399E60010D0FE /* RecommendView.swift in Sources */,
				36EE4AF72A7496F7000CCCB7 /* InsulinTypePickerView.swift in Sources */,
				B27CAE632A73B6F80010D0FE /* OnboardingView.swift in Sources */,
				EB89C6A12A779D3500F41CA3 /* DayOfMonth.swift in Sources */,
				B2E5D6012A7785F8001BE12D /* NSManagedObjectContext+.swift in Sources */,
				A3A05B452A7507E500E68FE5 /* RecommendViewBottomPartTextBox.swift in Sources */,
				B27CAE5C2A739E670010D0FE /* Date+.swift in Sources */,
				36EE4AF92A749716000CCCB7 /* InsulinDosesPickerView.swift in Sources */,
				B27CAE5E2A73B49E0010D0FE /* CustomColor.swift in Sources */,
				EB89C6A32A779D6800F41CA3 /* HistoryViewModel.swift in Sources */,
				A3A05B472A7507E500E68FE5 /* RecommendViewTopPartText.swift in Sources */,
				B259CEC92A78E47A00F9E5E3 /* HistoryDatePickerView.swift in Sources */,
				A3A05B4A2A7507E500E68FE5 /* RecommendViewTopPartNavigationIcons.swift in Sources */,
				B27CAE4F2A739B570010D0FE /* InjectionModel.swift in Sources */,
				A3A05B482A7507E500E68FE5 /* RecommendViewDisplayBoxView.swift in Sources */,
				B268F9A12A7392000083A87A /* Persistence.swift in Sources */,
				B27CAE6D2A7507FE0010D0FE /* Injection+CoreDataProperties.swift in Sources */,
				511F85D92A7630F10061B700 /* ExclusionSiteCircle.swift in Sources */,
				EB89C6A92A77CC7C00F41CA3 /* HistoryListRowView.swift in Sources */,
				B27CAE602A73B5B50010D0FE /* Color+.swift in Sources */,
				B27CAE552A739BB00010D0FE /* CreateInjectionView.swift in Sources */,
				B27CAE712A7509740010D0FE /* TimeType.swift in Sources */,
				36EE4AF32A749664000CCCB7 /* InjectionSitePickerView.swift in Sources */,
				B27CAE572A739BC00010D0FE /* EditInjectionView.swift in Sources */,
				B2E5D5FF2A7784BB001BE12D /* Persistence+Injection.swift in Sources */,
				EB89C6A72A779F9800F41CA3 /* HistoryListView.swift in Sources */,
				A3A05B4E2A75087D00E68FE5 /* RecommendViewModel.swift in Sources */,
				B259CEC62A78DF9A00F9E5E3 /* HistoryListTitleView.swift in Sources */,
				36EE4AF52A7496CC000CCCB7 /* DateTimePickerView.swift in Sources */,
				B268F9A42A7392000083A87A /* GgokKok.xcdatamodeld in Sources */,
				B2E5D6032A778762001BE12D /* NSPredicate+.swift in Sources */,
				B268F99A2A7391FF0083A87A /* MainView.swift in Sources */,
				B27CAE6F2A7508AB0010D0FE /* InsulinType.swift in Sources */,
				B268F9982A7391FF0083A87A /* GgokKokApp.swift in Sources */,
				EB89C69F2A779D1B00F41CA3 /* DateScroll.swift in Sources */,
				A3A05B462A7507E500E68FE5 /* RecommendViewButtonComponent.swift in Sources */,
				B27CAE5A2A739BF80010D0FE /* SettingView.swift in Sources */,
				B2E5D6052A77879B001BE12D /* NSSortDescriptor+.swift in Sources */,
				B27CAE6C2A7507FE0010D0FE /* Injection+CoreDataClass.swift in Sources */,
				36EE4AFB2A749730000CCCB7 /* DeleteButtonView.swift in Sources */,
				51ACD6312A762D3E005D8F2B /* RecommendationExclusionViewModel.swift in Sources */,
				5119EE422A763C4700DE60AD /* UserDefaultsKey.swift in Sources */,
			);
			runOnlyForDeploymentPostprocessing = 0;
		};
		B268F9A52A7392000083A87A /* Sources */ = {
			isa = PBXSourcesBuildPhase;
			buildActionMask = 2147483647;
			files = (
				B268F9AE2A7392000083A87A /* GgokKokTests.swift in Sources */,
			);
			runOnlyForDeploymentPostprocessing = 0;
		};
		B268F9AF2A7392000083A87A /* Sources */ = {
			isa = PBXSourcesBuildPhase;
			buildActionMask = 2147483647;
			files = (
				B268F9BA2A7392000083A87A /* GgokKokUITestsLaunchTests.swift in Sources */,
				B268F9B82A7392000083A87A /* GgokKokUITests.swift in Sources */,
			);
			runOnlyForDeploymentPostprocessing = 0;
		};
/* End PBXSourcesBuildPhase section */

/* Begin PBXTargetDependency section */
		B268F9AB2A7392000083A87A /* PBXTargetDependency */ = {
			isa = PBXTargetDependency;
			target = B268F9932A7391FF0083A87A /* GgokKok */;
			targetProxy = B268F9AA2A7392000083A87A /* PBXContainerItemProxy */;
		};
		B268F9B52A7392000083A87A /* PBXTargetDependency */ = {
			isa = PBXTargetDependency;
			target = B268F9932A7391FF0083A87A /* GgokKok */;
			targetProxy = B268F9B42A7392000083A87A /* PBXContainerItemProxy */;
		};
/* End PBXTargetDependency section */

/* Begin XCBuildConfiguration section */
		B268F9BB2A7392000083A87A /* Debug */ = {
			isa = XCBuildConfiguration;
			buildSettings = {
				ALWAYS_SEARCH_USER_PATHS = NO;
				CLANG_ANALYZER_NONNULL = YES;
				CLANG_ANALYZER_NUMBER_OBJECT_CONVERSION = YES_AGGRESSIVE;
				CLANG_CXX_LANGUAGE_STANDARD = "gnu++20";
				CLANG_ENABLE_MODULES = YES;
				CLANG_ENABLE_OBJC_ARC = YES;
				CLANG_ENABLE_OBJC_WEAK = YES;
				CLANG_WARN_BLOCK_CAPTURE_AUTORELEASING = YES;
				CLANG_WARN_BOOL_CONVERSION = YES;
				CLANG_WARN_COMMA = YES;
				CLANG_WARN_CONSTANT_CONVERSION = YES;
				CLANG_WARN_DEPRECATED_OBJC_IMPLEMENTATIONS = YES;
				CLANG_WARN_DIRECT_OBJC_ISA_USAGE = YES_ERROR;
				CLANG_WARN_DOCUMENTATION_COMMENTS = YES;
				CLANG_WARN_EMPTY_BODY = YES;
				CLANG_WARN_ENUM_CONVERSION = YES;
				CLANG_WARN_INFINITE_RECURSION = YES;
				CLANG_WARN_INT_CONVERSION = YES;
				CLANG_WARN_NON_LITERAL_NULL_CONVERSION = YES;
				CLANG_WARN_OBJC_IMPLICIT_RETAIN_SELF = YES;
				CLANG_WARN_OBJC_LITERAL_CONVERSION = YES;
				CLANG_WARN_OBJC_ROOT_CLASS = YES_ERROR;
				CLANG_WARN_QUOTED_INCLUDE_IN_FRAMEWORK_HEADER = YES;
				CLANG_WARN_RANGE_LOOP_ANALYSIS = YES;
				CLANG_WARN_STRICT_PROTOTYPES = YES;
				CLANG_WARN_SUSPICIOUS_MOVE = YES;
				CLANG_WARN_UNGUARDED_AVAILABILITY = YES_AGGRESSIVE;
				CLANG_WARN_UNREACHABLE_CODE = YES;
				CLANG_WARN__DUPLICATE_METHOD_MATCH = YES;
				COPY_PHASE_STRIP = NO;
				DEBUG_INFORMATION_FORMAT = dwarf;
				ENABLE_STRICT_OBJC_MSGSEND = YES;
				ENABLE_TESTABILITY = YES;
				GCC_C_LANGUAGE_STANDARD = gnu11;
				GCC_DYNAMIC_NO_PIC = NO;
				GCC_NO_COMMON_BLOCKS = YES;
				GCC_OPTIMIZATION_LEVEL = 0;
				GCC_PREPROCESSOR_DEFINITIONS = (
					"DEBUG=1",
					"$(inherited)",
				);
				GCC_WARN_64_TO_32_BIT_CONVERSION = YES;
				GCC_WARN_ABOUT_RETURN_TYPE = YES_ERROR;
				GCC_WARN_UNDECLARED_SELECTOR = YES;
				GCC_WARN_UNINITIALIZED_AUTOS = YES_AGGRESSIVE;
				GCC_WARN_UNUSED_FUNCTION = YES;
				GCC_WARN_UNUSED_VARIABLE = YES;
				IPHONEOS_DEPLOYMENT_TARGET = 16.4;
				MTL_ENABLE_DEBUG_INFO = INCLUDE_SOURCE;
				MTL_FAST_MATH = YES;
				ONLY_ACTIVE_ARCH = YES;
				SDKROOT = iphoneos;
				SWIFT_ACTIVE_COMPILATION_CONDITIONS = DEBUG;
				SWIFT_OPTIMIZATION_LEVEL = "-Onone";
			};
			name = Debug;
		};
		B268F9BC2A7392000083A87A /* Release */ = {
			isa = XCBuildConfiguration;
			buildSettings = {
				ALWAYS_SEARCH_USER_PATHS = NO;
				CLANG_ANALYZER_NONNULL = YES;
				CLANG_ANALYZER_NUMBER_OBJECT_CONVERSION = YES_AGGRESSIVE;
				CLANG_CXX_LANGUAGE_STANDARD = "gnu++20";
				CLANG_ENABLE_MODULES = YES;
				CLANG_ENABLE_OBJC_ARC = YES;
				CLANG_ENABLE_OBJC_WEAK = YES;
				CLANG_WARN_BLOCK_CAPTURE_AUTORELEASING = YES;
				CLANG_WARN_BOOL_CONVERSION = YES;
				CLANG_WARN_COMMA = YES;
				CLANG_WARN_CONSTANT_CONVERSION = YES;
				CLANG_WARN_DEPRECATED_OBJC_IMPLEMENTATIONS = YES;
				CLANG_WARN_DIRECT_OBJC_ISA_USAGE = YES_ERROR;
				CLANG_WARN_DOCUMENTATION_COMMENTS = YES;
				CLANG_WARN_EMPTY_BODY = YES;
				CLANG_WARN_ENUM_CONVERSION = YES;
				CLANG_WARN_INFINITE_RECURSION = YES;
				CLANG_WARN_INT_CONVERSION = YES;
				CLANG_WARN_NON_LITERAL_NULL_CONVERSION = YES;
				CLANG_WARN_OBJC_IMPLICIT_RETAIN_SELF = YES;
				CLANG_WARN_OBJC_LITERAL_CONVERSION = YES;
				CLANG_WARN_OBJC_ROOT_CLASS = YES_ERROR;
				CLANG_WARN_QUOTED_INCLUDE_IN_FRAMEWORK_HEADER = YES;
				CLANG_WARN_RANGE_LOOP_ANALYSIS = YES;
				CLANG_WARN_STRICT_PROTOTYPES = YES;
				CLANG_WARN_SUSPICIOUS_MOVE = YES;
				CLANG_WARN_UNGUARDED_AVAILABILITY = YES_AGGRESSIVE;
				CLANG_WARN_UNREACHABLE_CODE = YES;
				CLANG_WARN__DUPLICATE_METHOD_MATCH = YES;
				COPY_PHASE_STRIP = NO;
				DEBUG_INFORMATION_FORMAT = "dwarf-with-dsym";
				ENABLE_NS_ASSERTIONS = NO;
				ENABLE_STRICT_OBJC_MSGSEND = YES;
				GCC_C_LANGUAGE_STANDARD = gnu11;
				GCC_NO_COMMON_BLOCKS = YES;
				GCC_WARN_64_TO_32_BIT_CONVERSION = YES;
				GCC_WARN_ABOUT_RETURN_TYPE = YES_ERROR;
				GCC_WARN_UNDECLARED_SELECTOR = YES;
				GCC_WARN_UNINITIALIZED_AUTOS = YES_AGGRESSIVE;
				GCC_WARN_UNUSED_FUNCTION = YES;
				GCC_WARN_UNUSED_VARIABLE = YES;
				IPHONEOS_DEPLOYMENT_TARGET = 16.4;
				MTL_ENABLE_DEBUG_INFO = NO;
				MTL_FAST_MATH = YES;
				SDKROOT = iphoneos;
				SWIFT_COMPILATION_MODE = wholemodule;
				SWIFT_OPTIMIZATION_LEVEL = "-O";
				VALIDATE_PRODUCT = YES;
			};
			name = Release;
		};
		B268F9BE2A7392000083A87A /* Debug */ = {
			isa = XCBuildConfiguration;
			buildSettings = {
				ASSETCATALOG_COMPILER_APPICON_NAME = AppIcon;
				ASSETCATALOG_COMPILER_GLOBAL_ACCENT_COLOR_NAME = AccentColor;
				CODE_SIGN_STYLE = Automatic;
				CURRENT_PROJECT_VERSION = 1;
				DEVELOPMENT_ASSET_PATHS = "\"GgokKok/Preview Content\"";
				DEVELOPMENT_TEAM = 6BHXWP5PYW;
				ENABLE_PREVIEWS = YES;
				GENERATE_INFOPLIST_FILE = YES;
				INFOPLIST_KEY_UIApplicationSceneManifest_Generation = YES;
				INFOPLIST_KEY_UIApplicationSupportsIndirectInputEvents = YES;
				INFOPLIST_KEY_UILaunchScreen_Generation = YES;
				INFOPLIST_KEY_UISupportedInterfaceOrientations_iPad = "UIInterfaceOrientationPortrait UIInterfaceOrientationPortraitUpsideDown UIInterfaceOrientationLandscapeLeft UIInterfaceOrientationLandscapeRight";
				INFOPLIST_KEY_UISupportedInterfaceOrientations_iPhone = "UIInterfaceOrientationPortrait UIInterfaceOrientationLandscapeLeft UIInterfaceOrientationLandscapeRight";
				LD_RUNPATH_SEARCH_PATHS = (
					"$(inherited)",
					"@executable_path/Frameworks",
				);
				MARKETING_VERSION = 1.0;
				PRODUCT_BUNDLE_IDENTIFIER = com.jojosaekkie.GgokKok;
				PRODUCT_NAME = "$(TARGET_NAME)";
				SWIFT_EMIT_LOC_STRINGS = YES;
				SWIFT_VERSION = 5.0;
				TARGETED_DEVICE_FAMILY = "1,2";
			};
			name = Debug;
		};
		B268F9BF2A7392000083A87A /* Release */ = {
			isa = XCBuildConfiguration;
			buildSettings = {
				ASSETCATALOG_COMPILER_APPICON_NAME = AppIcon;
				ASSETCATALOG_COMPILER_GLOBAL_ACCENT_COLOR_NAME = AccentColor;
				CODE_SIGN_STYLE = Automatic;
				CURRENT_PROJECT_VERSION = 1;
				DEVELOPMENT_ASSET_PATHS = "\"GgokKok/Preview Content\"";
				DEVELOPMENT_TEAM = 6BHXWP5PYW;
				ENABLE_PREVIEWS = YES;
				GENERATE_INFOPLIST_FILE = YES;
				INFOPLIST_KEY_UIApplicationSceneManifest_Generation = YES;
				INFOPLIST_KEY_UIApplicationSupportsIndirectInputEvents = YES;
				INFOPLIST_KEY_UILaunchScreen_Generation = YES;
				INFOPLIST_KEY_UISupportedInterfaceOrientations_iPad = "UIInterfaceOrientationPortrait UIInterfaceOrientationPortraitUpsideDown UIInterfaceOrientationLandscapeLeft UIInterfaceOrientationLandscapeRight";
				INFOPLIST_KEY_UISupportedInterfaceOrientations_iPhone = "UIInterfaceOrientationPortrait UIInterfaceOrientationLandscapeLeft UIInterfaceOrientationLandscapeRight";
				LD_RUNPATH_SEARCH_PATHS = (
					"$(inherited)",
					"@executable_path/Frameworks",
				);
				MARKETING_VERSION = 1.0;
				PRODUCT_BUNDLE_IDENTIFIER = com.jojosaekkie.GgokKok;
				PRODUCT_NAME = "$(TARGET_NAME)";
				SWIFT_EMIT_LOC_STRINGS = YES;
				SWIFT_VERSION = 5.0;
				TARGETED_DEVICE_FAMILY = "1,2";
			};
			name = Release;
		};
		B268F9C12A7392000083A87A /* Debug */ = {
			isa = XCBuildConfiguration;
			buildSettings = {
				ALWAYS_EMBED_SWIFT_STANDARD_LIBRARIES = YES;
				BUNDLE_LOADER = "$(TEST_HOST)";
				CODE_SIGN_STYLE = Automatic;
				CURRENT_PROJECT_VERSION = 1;
				DEVELOPMENT_TEAM = 6BHXWP5PYW;
				GENERATE_INFOPLIST_FILE = YES;
				IPHONEOS_DEPLOYMENT_TARGET = 16.4;
				MARKETING_VERSION = 1.0;
				PRODUCT_BUNDLE_IDENTIFIER = com.jojosaekkie.GgokKokTests;
				PRODUCT_NAME = "$(TARGET_NAME)";
				SWIFT_EMIT_LOC_STRINGS = NO;
				SWIFT_VERSION = 5.0;
				TARGETED_DEVICE_FAMILY = "1,2";
				TEST_HOST = "$(BUILT_PRODUCTS_DIR)/GgokKok.app/$(BUNDLE_EXECUTABLE_FOLDER_PATH)/GgokKok";
			};
			name = Debug;
		};
		B268F9C22A7392000083A87A /* Release */ = {
			isa = XCBuildConfiguration;
			buildSettings = {
				ALWAYS_EMBED_SWIFT_STANDARD_LIBRARIES = YES;
				BUNDLE_LOADER = "$(TEST_HOST)";
				CODE_SIGN_STYLE = Automatic;
				CURRENT_PROJECT_VERSION = 1;
				DEVELOPMENT_TEAM = 6BHXWP5PYW;
				GENERATE_INFOPLIST_FILE = YES;
				IPHONEOS_DEPLOYMENT_TARGET = 16.4;
				MARKETING_VERSION = 1.0;
				PRODUCT_BUNDLE_IDENTIFIER = com.jojosaekkie.GgokKokTests;
				PRODUCT_NAME = "$(TARGET_NAME)";
				SWIFT_EMIT_LOC_STRINGS = NO;
				SWIFT_VERSION = 5.0;
				TARGETED_DEVICE_FAMILY = "1,2";
				TEST_HOST = "$(BUILT_PRODUCTS_DIR)/GgokKok.app/$(BUNDLE_EXECUTABLE_FOLDER_PATH)/GgokKok";
			};
			name = Release;
		};
		B268F9C42A7392000083A87A /* Debug */ = {
			isa = XCBuildConfiguration;
			buildSettings = {
				ALWAYS_EMBED_SWIFT_STANDARD_LIBRARIES = YES;
				CODE_SIGN_STYLE = Automatic;
				CURRENT_PROJECT_VERSION = 1;
				DEVELOPMENT_TEAM = 6BHXWP5PYW;
				GENERATE_INFOPLIST_FILE = YES;
				MARKETING_VERSION = 1.0;
				PRODUCT_BUNDLE_IDENTIFIER = com.jojosaekkie.GgokKokUITests;
				PRODUCT_NAME = "$(TARGET_NAME)";
				SWIFT_EMIT_LOC_STRINGS = NO;
				SWIFT_VERSION = 5.0;
				TARGETED_DEVICE_FAMILY = "1,2";
				TEST_TARGET_NAME = GgokKok;
			};
			name = Debug;
		};
		B268F9C52A7392000083A87A /* Release */ = {
			isa = XCBuildConfiguration;
			buildSettings = {
				ALWAYS_EMBED_SWIFT_STANDARD_LIBRARIES = YES;
				CODE_SIGN_STYLE = Automatic;
				CURRENT_PROJECT_VERSION = 1;
				DEVELOPMENT_TEAM = 6BHXWP5PYW;
				GENERATE_INFOPLIST_FILE = YES;
				MARKETING_VERSION = 1.0;
				PRODUCT_BUNDLE_IDENTIFIER = com.jojosaekkie.GgokKokUITests;
				PRODUCT_NAME = "$(TARGET_NAME)";
				SWIFT_EMIT_LOC_STRINGS = NO;
				SWIFT_VERSION = 5.0;
				TARGETED_DEVICE_FAMILY = "1,2";
				TEST_TARGET_NAME = GgokKok;
			};
			name = Release;
		};
/* End XCBuildConfiguration section */

/* Begin XCConfigurationList section */
		B268F98F2A7391FF0083A87A /* Build configuration list for PBXProject "GgokKok" */ = {
			isa = XCConfigurationList;
			buildConfigurations = (
				B268F9BB2A7392000083A87A /* Debug */,
				B268F9BC2A7392000083A87A /* Release */,
			);
			defaultConfigurationIsVisible = 0;
			defaultConfigurationName = Release;
		};
		B268F9BD2A7392000083A87A /* Build configuration list for PBXNativeTarget "GgokKok" */ = {
			isa = XCConfigurationList;
			buildConfigurations = (
				B268F9BE2A7392000083A87A /* Debug */,
				B268F9BF2A7392000083A87A /* Release */,
			);
			defaultConfigurationIsVisible = 0;
			defaultConfigurationName = Release;
		};
		B268F9C02A7392000083A87A /* Build configuration list for PBXNativeTarget "GgokKokTests" */ = {
			isa = XCConfigurationList;
			buildConfigurations = (
				B268F9C12A7392000083A87A /* Debug */,
				B268F9C22A7392000083A87A /* Release */,
			);
			defaultConfigurationIsVisible = 0;
			defaultConfigurationName = Release;
		};
		B268F9C32A7392000083A87A /* Build configuration list for PBXNativeTarget "GgokKokUITests" */ = {
			isa = XCConfigurationList;
			buildConfigurations = (
				B268F9C42A7392000083A87A /* Debug */,
				B268F9C52A7392000083A87A /* Release */,
			);
			defaultConfigurationIsVisible = 0;
			defaultConfigurationName = Release;
		};
/* End XCConfigurationList section */

/* Begin XCVersionGroup section */
		B268F9A22A7392000083A87A /* GgokKok.xcdatamodeld */ = {
			isa = XCVersionGroup;
			children = (
				B268F9A32A7392000083A87A /* GgokKok.xcdatamodel */,
			);
			currentVersion = B268F9A32A7392000083A87A /* GgokKok.xcdatamodel */;
			path = GgokKok.xcdatamodeld;
			sourceTree = "<group>";
			versionGroupType = wrapper.xcdatamodel;
		};
/* End XCVersionGroup section */
	};
	rootObject = B268F98C2A7391FF0083A87A /* Project object */;
}
